{
  "version": 1,
  "dependencies": {
    ".NETFramework,Version=v4.8": {
      "Mapster": {
        "type": "Direct",
        "requested": "[7.3.0, )",
        "resolved": "7.3.0",
        "contentHash": "NrCUX/rJa5PTyo6iW4AL5dZLU9PDNlYnrJOVjgdpo5OQM9EtWH2CMHnC5sSuJWC0d0b0SnmeRrIviEem6WxtuQ==",
        "dependencies": {
          "Mapster.Core": "1.2.0",
          "Microsoft.CSharp": "4.3.0",
          "System.Reflection.Emit": "4.3.0"
        }
      },
      "PolySharp": {
        "type": "Direct",
        "requested": "[1.14.1, )",
        "resolved": "1.14.1",
        "contentHash": "mOOmFYwad3MIOL14VCjj02LljyF1GNw1wP0YVlxtcPvqdxjGGMNdNJJxHptlry3MOd8b40Flm8RPOM8JOlN2sQ=="
      },
      "Speckle.InterfaceGenerator": {
        "type": "Direct",
        "requested": "[0.9.4, )",
        "resolved": "0.9.4",
        "contentHash": "QfeKjhXq5Qc9CMdUxluK7x0jhNWwyqqGDfVcEXgiObJLTHTa1MBuJLN5LEWa8FYgB6iyjk3nCAYYtIfJbk1qUg=="
      },
      "Speckle.Revit.API": {
        "type": "Direct",
        "requested": "[2023.0.0, )",
        "resolved": "2023.0.0",
        "contentHash": "tq40eD7psgTbV+epNouYyqfo6+hEi7FmXZqcxEOsAV7zfYyWhL6Rt3vmojkWGNuerGbH6oRI6KIIxrnlCNb8Hw=="
      },
      "Mapster.Core": {
        "type": "Transitive",
        "resolved": "1.2.0",
        "contentHash": "TNdqZk2zAuBYfJF88D/3clQTOyOdqr1crU81yZQtlGa+e7FYWhJdK/buBWT+TpM3qQko9UzmzfOT4iq3JCs/ZA=="
      },
      "Microsoft.CSharp": {
        "type": "Transitive",
        "resolved": "4.3.0",
        "contentHash": "P+MBhIM0YX+JqROuf7i306ZLJEjQYA9uUyRDE+OqwUI5sh41e2ZbPQV3LfAPh+29cmceE1pUffXsGfR4eMY3KA=="
      },
      "System.Reflection.Emit": {
        "type": "Transitive",
        "resolved": "4.3.0",
        "contentHash": "228FG0jLcIwTVJyz8CLFKueVqQK36ANazUManGaJHkO0icjiIypKW7YLWLIWahyIkdh5M7mV2dJepllLyA1SKg=="
      },
      "speckle.revit2023.interfaces": {
        "type": "Project",
        "dependencies": {
          "Mapster": "[7.3.0, )"
        }
      }
    }
  }
}