
Microsoft Visual Studio Solution File, Format Version 12.00
# Visual Studio Version 16
VisualStudioVersion = 16.0.30011.22
MinimumVisualStudioVersion = 10.0.40219.1
Project("{FAE04EC0-301F-11D3-BF4B-00C04F79EFBC}") = "ConnectorRevit", "ConnectorRevit\ConnectorRevit.csproj", "{27A79ACA-7EA8-4406-8BB8-216578CC3AB7}"
EndProject
Project("{FAE04EC0-301F-11D3-BF4B-00C04F79EFBC}") = "DesktopUI", "..\DesktopUI\DesktopUI\DesktopUI.csproj", "{A97C3046-2D55-4C49-AB40-A3C2194B82FA}"
EndProject
Project("{9A19103F-16F7-4668-BE54-9A1E7A4F7556}") = "Core", "..\Core\Core\Core.csproj", "{521D4AEE-08CF-4913-BBE8-5511D176D126}"
EndProject
Project("{2150E333-8FDC-42A3-9474-1A3956D46DE8}") = "GraphQLClient", "GraphQLClient", "{1099033B-8BD9-4038-AF9A-94A3370B4F8C}"
EndProject
Project("{9A19103F-16F7-4668-BE54-9A1E7A4F7556}") = "GraphQL.Client", "..\Core\GraphQLClient\src\GraphQL.Client\GraphQL.Client.csproj", "{390B0BA1-4621-459F-8CE2-788797AB3134}"
EndProject
Project("{9A19103F-16F7-4668-BE54-9A1E7A4F7556}") = "GraphQL.Primitives", "..\Core\GraphQLClient\src\GraphQL.Primitives\GraphQL.Primitives.csproj", "{A71D3F8F-4592-4CD4-83E4-A215D116C730}"
EndProject
Project("{9A19103F-16F7-4668-BE54-9A1E7A4F7556}") = "GraphQL.Client.Abstractions", "..\Core\GraphQLClient\src\GraphQL.Client.Abstractions\GraphQL.Client.Abstractions.csproj", "{87A3348F-A510-4101-BD87-DBBF9EBE4070}"
EndProject
Project("{9A19103F-16F7-4668-BE54-9A1E7A4F7556}") = "GraphQL.Client.Abstractions.Websocket", "..\Core\GraphQLClient\src\GraphQL.Client.Abstractions.Websocket\GraphQL.Client.Abstractions.Websocket.csproj", "{9C491E50-B0F8-4D08-BFAC-E0A2AD6CF563}"
EndProject
Project("{9A19103F-16F7-4668-BE54-9A1E7A4F7556}") = "GraphQL.Client.Serializer.Newtonsoft", "..\Core\GraphQLClient\src\GraphQL.Client.Serializer.Newtonsoft\GraphQL.Client.Serializer.Newtonsoft.csproj", "{54B5BF04-3C46-498C-AE2A-1F2F85768C2C}"
EndProject
Project("{9A19103F-16F7-4668-BE54-9A1E7A4F7556}") = "GraphQL.Client.Serializer.SystemTextJson", "..\Core\GraphQLClient\src\GraphQL.Client.Serializer.SystemTextJson\GraphQL.Client.Serializer.SystemTextJson.csproj", "{EAC54DBF-B8FC-4B20-A33A-3EBA05841128}"
EndProject
Project("{9A19103F-16F7-4668-BE54-9A1E7A4F7556}") = "GraphQL.Client.LocalExecution", "..\Core\GraphQLClient\src\GraphQL.Client.LocalExecution\GraphQL.Client.LocalExecution.csproj", "{6A3861F4-CA3E-4790-BF27-3C502E18783C}"
EndProject
Project("{9A19103F-16F7-4668-BE54-9A1E7A4F7556}") = "Objects", "..\Objects\Objects\Objects.csproj", "{BE852BE3-37B8-4B62-AC2C-0872C41A2542}"
EndProject
Project("{FAE04EC0-301F-11D3-BF4B-00C04F79EFBC}") = "ServerTransport", "..\Core\ServerTransport\ServerTransport.csproj", "{C94935EB-ABD7-4556-A5E7-709392ED3AB4}"
EndProject
Project("{FAE04EC0-301F-11D3-BF4B-00C04F79EFBC}") = "ConverterRevit", "..\Objects\Converters\ConverterRevit\ConverterRevit\ConverterRevit.csproj", "{98AD5770-2E55-4EC5-9714-4A2A23442D84}"
EndProject
Global
	GlobalSection(SolutionConfigurationPlatforms) = preSolution
		Debug|Any CPU = Debug|Any CPU
		Debug|x64 = Debug|x64
		Debug2019|Any CPU = Debug2019|Any CPU
		Debug2019|x64 = Debug2019|x64
		Debug2020|Any CPU = Debug2020|Any CPU
		Debug2020|x64 = Debug2020|x64
		Debug2021|Any CPU = Debug2021|Any CPU
		Debug2021|x64 = Debug2021|x64
		Release|Any CPU = Release|Any CPU
		Release|x64 = Release|x64
		Release2019|Any CPU = Release2019|Any CPU
		Release2019|x64 = Release2019|x64
		Release2020|Any CPU = Release2020|Any CPU
		Release2020|x64 = Release2020|x64
		Release2021|Any CPU = Release2021|Any CPU
		Release2021|x64 = Release2021|x64
	EndGlobalSection
	GlobalSection(ProjectConfigurationPlatforms) = postSolution
		{27A79ACA-7EA8-4406-8BB8-216578CC3AB7}.Debug|Any CPU.ActiveCfg = Debug2021|Any CPU
		{27A79ACA-7EA8-4406-8BB8-216578CC3AB7}.Debug|Any CPU.Build.0 = Debug2021|Any CPU
		{27A79ACA-7EA8-4406-8BB8-216578CC3AB7}.Debug|x64.ActiveCfg = Debug2021|Any CPU
		{27A79ACA-7EA8-4406-8BB8-216578CC3AB7}.Debug|x64.Build.0 = Debug2021|Any CPU
		{27A79ACA-7EA8-4406-8BB8-216578CC3AB7}.Debug2019|Any CPU.ActiveCfg = Debug2019|Any CPU
		{27A79ACA-7EA8-4406-8BB8-216578CC3AB7}.Debug2019|Any CPU.Build.0 = Debug2019|Any CPU
		{27A79ACA-7EA8-4406-8BB8-216578CC3AB7}.Debug2019|x64.ActiveCfg = Debug2019|Any CPU
		{27A79ACA-7EA8-4406-8BB8-216578CC3AB7}.Debug2019|x64.Build.0 = Debug2019|Any CPU
		{27A79ACA-7EA8-4406-8BB8-216578CC3AB7}.Debug2020|Any CPU.ActiveCfg = Debug2020|Any CPU
		{27A79ACA-7EA8-4406-8BB8-216578CC3AB7}.Debug2020|Any CPU.Build.0 = Debug2020|Any CPU
		{27A79ACA-7EA8-4406-8BB8-216578CC3AB7}.Debug2020|x64.ActiveCfg = Debug2020|Any CPU
		{27A79ACA-7EA8-4406-8BB8-216578CC3AB7}.Debug2020|x64.Build.0 = Debug2020|Any CPU
		{27A79ACA-7EA8-4406-8BB8-216578CC3AB7}.Debug2021|Any CPU.ActiveCfg = Debug2021|Any CPU
		{27A79ACA-7EA8-4406-8BB8-216578CC3AB7}.Debug2021|Any CPU.Build.0 = Debug2021|Any CPU
		{27A79ACA-7EA8-4406-8BB8-216578CC3AB7}.Debug2021|x64.ActiveCfg = Debug2021|Any CPU
		{27A79ACA-7EA8-4406-8BB8-216578CC3AB7}.Debug2021|x64.Build.0 = Debug2021|Any CPU
		{27A79ACA-7EA8-4406-8BB8-216578CC3AB7}.Release|Any CPU.ActiveCfg = Release2021|Any CPU
		{27A79ACA-7EA8-4406-8BB8-216578CC3AB7}.Release|Any CPU.Build.0 = Release2021|Any CPU
		{27A79ACA-7EA8-4406-8BB8-216578CC3AB7}.Release|x64.ActiveCfg = Release2021|Any CPU
		{27A79ACA-7EA8-4406-8BB8-216578CC3AB7}.Release|x64.Build.0 = Release2021|Any CPU
		{27A79ACA-7EA8-4406-8BB8-216578CC3AB7}.Release2019|Any CPU.ActiveCfg = Release2019|Any CPU
		{27A79ACA-7EA8-4406-8BB8-216578CC3AB7}.Release2019|Any CPU.Build.0 = Release2019|Any CPU
		{27A79ACA-7EA8-4406-8BB8-216578CC3AB7}.Release2019|x64.ActiveCfg = Release2019|Any CPU
		{27A79ACA-7EA8-4406-8BB8-216578CC3AB7}.Release2019|x64.Build.0 = Release2019|Any CPU
		{27A79ACA-7EA8-4406-8BB8-216578CC3AB7}.Release2020|Any CPU.ActiveCfg = Release2020|Any CPU
		{27A79ACA-7EA8-4406-8BB8-216578CC3AB7}.Release2020|Any CPU.Build.0 = Release2020|Any CPU
		{27A79ACA-7EA8-4406-8BB8-216578CC3AB7}.Release2020|x64.ActiveCfg = Release2020|Any CPU
		{27A79ACA-7EA8-4406-8BB8-216578CC3AB7}.Release2020|x64.Build.0 = Release2020|Any CPU
		{27A79ACA-7EA8-4406-8BB8-216578CC3AB7}.Release2021|Any CPU.ActiveCfg = Release2021|Any CPU
		{27A79ACA-7EA8-4406-8BB8-216578CC3AB7}.Release2021|Any CPU.Build.0 = Release2021|Any CPU
		{27A79ACA-7EA8-4406-8BB8-216578CC3AB7}.Release2021|x64.ActiveCfg = Release2021|Any CPU
		{27A79ACA-7EA8-4406-8BB8-216578CC3AB7}.Release2021|x64.Build.0 = Release2021|Any CPU
		{A97C3046-2D55-4C49-AB40-A3C2194B82FA}.Debug|Any CPU.ActiveCfg = Debug|Any CPU
		{A97C3046-2D55-4C49-AB40-A3C2194B82FA}.Debug|Any CPU.Build.0 = Debug|Any CPU
		{A97C3046-2D55-4C49-AB40-A3C2194B82FA}.Debug|x64.ActiveCfg = Debug|x64
		{A97C3046-2D55-4C49-AB40-A3C2194B82FA}.Debug|x64.Build.0 = Debug|x64
		{A97C3046-2D55-4C49-AB40-A3C2194B82FA}.Debug2019|Any CPU.ActiveCfg = Debug|Any CPU
		{A97C3046-2D55-4C49-AB40-A3C2194B82FA}.Debug2019|Any CPU.Build.0 = Debug|Any CPU
		{A97C3046-2D55-4C49-AB40-A3C2194B82FA}.Debug2019|x64.ActiveCfg = Debug|x64
		{A97C3046-2D55-4C49-AB40-A3C2194B82FA}.Debug2019|x64.Build.0 = Debug|x64
		{A97C3046-2D55-4C49-AB40-A3C2194B82FA}.Debug2020|Any CPU.ActiveCfg = Debug|Any CPU
		{A97C3046-2D55-4C49-AB40-A3C2194B82FA}.Debug2020|Any CPU.Build.0 = Debug|Any CPU
		{A97C3046-2D55-4C49-AB40-A3C2194B82FA}.Debug2020|x64.ActiveCfg = Debug|x64
		{A97C3046-2D55-4C49-AB40-A3C2194B82FA}.Debug2020|x64.Build.0 = Debug|x64
		{A97C3046-2D55-4C49-AB40-A3C2194B82FA}.Debug2021|Any CPU.ActiveCfg = Debug|Any CPU
		{A97C3046-2D55-4C49-AB40-A3C2194B82FA}.Debug2021|Any CPU.Build.0 = Debug|Any CPU
		{A97C3046-2D55-4C49-AB40-A3C2194B82FA}.Debug2021|x64.ActiveCfg = Debug|x64
		{A97C3046-2D55-4C49-AB40-A3C2194B82FA}.Debug2021|x64.Build.0 = Debug|x64
		{A97C3046-2D55-4C49-AB40-A3C2194B82FA}.Release|Any CPU.ActiveCfg = Release|Any CPU
		{A97C3046-2D55-4C49-AB40-A3C2194B82FA}.Release|Any CPU.Build.0 = Release|Any CPU
		{A97C3046-2D55-4C49-AB40-A3C2194B82FA}.Release|x64.ActiveCfg = Release|x64
		{A97C3046-2D55-4C49-AB40-A3C2194B82FA}.Release|x64.Build.0 = Release|x64
		{A97C3046-2D55-4C49-AB40-A3C2194B82FA}.Release2019|Any CPU.ActiveCfg = Release|Any CPU
		{A97C3046-2D55-4C49-AB40-A3C2194B82FA}.Release2019|Any CPU.Build.0 = Release|Any CPU
		{A97C3046-2D55-4C49-AB40-A3C2194B82FA}.Release2019|x64.ActiveCfg = Release|x64
		{A97C3046-2D55-4C49-AB40-A3C2194B82FA}.Release2019|x64.Build.0 = Release|x64
		{A97C3046-2D55-4C49-AB40-A3C2194B82FA}.Release2020|Any CPU.ActiveCfg = Release|Any CPU
		{A97C3046-2D55-4C49-AB40-A3C2194B82FA}.Release2020|Any CPU.Build.0 = Release|Any CPU
		{A97C3046-2D55-4C49-AB40-A3C2194B82FA}.Release2020|x64.ActiveCfg = Release|x64
		{A97C3046-2D55-4C49-AB40-A3C2194B82FA}.Release2020|x64.Build.0 = Release|x64
		{A97C3046-2D55-4C49-AB40-A3C2194B82FA}.Release2021|Any CPU.ActiveCfg = Release|Any CPU
		{A97C3046-2D55-4C49-AB40-A3C2194B82FA}.Release2021|Any CPU.Build.0 = Release|Any CPU
		{A97C3046-2D55-4C49-AB40-A3C2194B82FA}.Release2021|x64.ActiveCfg = Release|x64
		{A97C3046-2D55-4C49-AB40-A3C2194B82FA}.Release2021|x64.Build.0 = Release|x64
		{521D4AEE-08CF-4913-BBE8-5511D176D126}.Debug|Any CPU.ActiveCfg = Debug|Any CPU
		{521D4AEE-08CF-4913-BBE8-5511D176D126}.Debug|Any CPU.Build.0 = Debug|Any CPU
		{521D4AEE-08CF-4913-BBE8-5511D176D126}.Debug|x64.ActiveCfg = Debug|Any CPU
		{521D4AEE-08CF-4913-BBE8-5511D176D126}.Debug|x64.Build.0 = Debug|Any CPU
		{521D4AEE-08CF-4913-BBE8-5511D176D126}.Debug2019|Any CPU.ActiveCfg = Debug|Any CPU
		{521D4AEE-08CF-4913-BBE8-5511D176D126}.Debug2019|Any CPU.Build.0 = Debug|Any CPU
		{521D4AEE-08CF-4913-BBE8-5511D176D126}.Debug2019|x64.ActiveCfg = Debug|Any CPU
		{521D4AEE-08CF-4913-BBE8-5511D176D126}.Debug2019|x64.Build.0 = Debug|Any CPU
		{521D4AEE-08CF-4913-BBE8-5511D176D126}.Debug2020|Any CPU.ActiveCfg = Debug|Any CPU
		{521D4AEE-08CF-4913-BBE8-5511D176D126}.Debug2020|Any CPU.Build.0 = Debug|Any CPU
		{521D4AEE-08CF-4913-BBE8-5511D176D126}.Debug2020|x64.ActiveCfg = Debug|Any CPU
		{521D4AEE-08CF-4913-BBE8-5511D176D126}.Debug2020|x64.Build.0 = Debug|Any CPU
		{521D4AEE-08CF-4913-BBE8-5511D176D126}.Debug2021|Any CPU.ActiveCfg = Debug|Any CPU
		{521D4AEE-08CF-4913-BBE8-5511D176D126}.Debug2021|Any CPU.Build.0 = Debug|Any CPU
		{521D4AEE-08CF-4913-BBE8-5511D176D126}.Debug2021|x64.ActiveCfg = Debug|Any CPU
		{521D4AEE-08CF-4913-BBE8-5511D176D126}.Debug2021|x64.Build.0 = Debug|Any CPU
		{521D4AEE-08CF-4913-BBE8-5511D176D126}.Release|Any CPU.ActiveCfg = Release|Any CPU
		{521D4AEE-08CF-4913-BBE8-5511D176D126}.Release|Any CPU.Build.0 = Release|Any CPU
		{521D4AEE-08CF-4913-BBE8-5511D176D126}.Release|x64.ActiveCfg = Release|Any CPU
		{521D4AEE-08CF-4913-BBE8-5511D176D126}.Release|x64.Build.0 = Release|Any CPU
		{521D4AEE-08CF-4913-BBE8-5511D176D126}.Release2019|Any CPU.ActiveCfg = Release|Any CPU
		{521D4AEE-08CF-4913-BBE8-5511D176D126}.Release2019|Any CPU.Build.0 = Release|Any CPU
		{521D4AEE-08CF-4913-BBE8-5511D176D126}.Release2019|x64.ActiveCfg = Release|Any CPU
		{521D4AEE-08CF-4913-BBE8-5511D176D126}.Release2019|x64.Build.0 = Release|Any CPU
		{521D4AEE-08CF-4913-BBE8-5511D176D126}.Release2020|Any CPU.ActiveCfg = Release|Any CPU
		{521D4AEE-08CF-4913-BBE8-5511D176D126}.Release2020|Any CPU.Build.0 = Release|Any CPU
		{521D4AEE-08CF-4913-BBE8-5511D176D126}.Release2020|x64.ActiveCfg = Release|Any CPU
		{521D4AEE-08CF-4913-BBE8-5511D176D126}.Release2020|x64.Build.0 = Release|Any CPU
		{521D4AEE-08CF-4913-BBE8-5511D176D126}.Release2021|Any CPU.ActiveCfg = Release|Any CPU
		{521D4AEE-08CF-4913-BBE8-5511D176D126}.Release2021|Any CPU.Build.0 = Release|Any CPU
		{521D4AEE-08CF-4913-BBE8-5511D176D126}.Release2021|x64.ActiveCfg = Release|Any CPU
		{521D4AEE-08CF-4913-BBE8-5511D176D126}.Release2021|x64.Build.0 = Release|Any CPU
		{390B0BA1-4621-459F-8CE2-788797AB3134}.Debug|Any CPU.ActiveCfg = Debug|Any CPU
		{390B0BA1-4621-459F-8CE2-788797AB3134}.Debug|Any CPU.Build.0 = Debug|Any CPU
		{390B0BA1-4621-459F-8CE2-788797AB3134}.Debug|x64.ActiveCfg = Debug|Any CPU
		{390B0BA1-4621-459F-8CE2-788797AB3134}.Debug|x64.Build.0 = Debug|Any CPU
		{390B0BA1-4621-459F-8CE2-788797AB3134}.Debug2019|Any CPU.ActiveCfg = Debug|Any CPU
		{390B0BA1-4621-459F-8CE2-788797AB3134}.Debug2019|Any CPU.Build.0 = Debug|Any CPU
		{390B0BA1-4621-459F-8CE2-788797AB3134}.Debug2019|x64.ActiveCfg = Debug|Any CPU
		{390B0BA1-4621-459F-8CE2-788797AB3134}.Debug2019|x64.Build.0 = Debug|Any CPU
		{390B0BA1-4621-459F-8CE2-788797AB3134}.Debug2020|Any CPU.ActiveCfg = Debug|Any CPU
		{390B0BA1-4621-459F-8CE2-788797AB3134}.Debug2020|Any CPU.Build.0 = Debug|Any CPU
		{390B0BA1-4621-459F-8CE2-788797AB3134}.Debug2020|x64.ActiveCfg = Debug|Any CPU
		{390B0BA1-4621-459F-8CE2-788797AB3134}.Debug2020|x64.Build.0 = Debug|Any CPU
		{390B0BA1-4621-459F-8CE2-788797AB3134}.Debug2021|Any CPU.ActiveCfg = Debug|Any CPU
		{390B0BA1-4621-459F-8CE2-788797AB3134}.Debug2021|Any CPU.Build.0 = Debug|Any CPU
		{390B0BA1-4621-459F-8CE2-788797AB3134}.Debug2021|x64.ActiveCfg = Debug|Any CPU
		{390B0BA1-4621-459F-8CE2-788797AB3134}.Debug2021|x64.Build.0 = Debug|Any CPU
		{390B0BA1-4621-459F-8CE2-788797AB3134}.Release|Any CPU.ActiveCfg = Release|Any CPU
		{390B0BA1-4621-459F-8CE2-788797AB3134}.Release|Any CPU.Build.0 = Release|Any CPU
		{390B0BA1-4621-459F-8CE2-788797AB3134}.Release|x64.ActiveCfg = Release|Any CPU
		{390B0BA1-4621-459F-8CE2-788797AB3134}.Release|x64.Build.0 = Release|Any CPU
		{390B0BA1-4621-459F-8CE2-788797AB3134}.Release2019|Any CPU.ActiveCfg = Release|Any CPU
		{390B0BA1-4621-459F-8CE2-788797AB3134}.Release2019|Any CPU.Build.0 = Release|Any CPU
		{390B0BA1-4621-459F-8CE2-788797AB3134}.Release2019|x64.ActiveCfg = Release|Any CPU
		{390B0BA1-4621-459F-8CE2-788797AB3134}.Release2019|x64.Build.0 = Release|Any CPU
		{390B0BA1-4621-459F-8CE2-788797AB3134}.Release2020|Any CPU.ActiveCfg = Release|Any CPU
		{390B0BA1-4621-459F-8CE2-788797AB3134}.Release2020|Any CPU.Build.0 = Release|Any CPU
		{390B0BA1-4621-459F-8CE2-788797AB3134}.Release2020|x64.ActiveCfg = Release|Any CPU
		{390B0BA1-4621-459F-8CE2-788797AB3134}.Release2020|x64.Build.0 = Release|Any CPU
		{390B0BA1-4621-459F-8CE2-788797AB3134}.Release2021|Any CPU.ActiveCfg = Release|Any CPU
		{390B0BA1-4621-459F-8CE2-788797AB3134}.Release2021|Any CPU.Build.0 = Release|Any CPU
		{390B0BA1-4621-459F-8CE2-788797AB3134}.Release2021|x64.ActiveCfg = Release|Any CPU
		{390B0BA1-4621-459F-8CE2-788797AB3134}.Release2021|x64.Build.0 = Release|Any CPU
		{A71D3F8F-4592-4CD4-83E4-A215D116C730}.Debug|Any CPU.ActiveCfg = Debug|Any CPU
		{A71D3F8F-4592-4CD4-83E4-A215D116C730}.Debug|Any CPU.Build.0 = Debug|Any CPU
		{A71D3F8F-4592-4CD4-83E4-A215D116C730}.Debug|x64.ActiveCfg = Debug|Any CPU
		{A71D3F8F-4592-4CD4-83E4-A215D116C730}.Debug|x64.Build.0 = Debug|Any CPU
		{A71D3F8F-4592-4CD4-83E4-A215D116C730}.Debug2019|Any CPU.ActiveCfg = Debug|Any CPU
		{A71D3F8F-4592-4CD4-83E4-A215D116C730}.Debug2019|Any CPU.Build.0 = Debug|Any CPU
		{A71D3F8F-4592-4CD4-83E4-A215D116C730}.Debug2019|x64.ActiveCfg = Debug|Any CPU
		{A71D3F8F-4592-4CD4-83E4-A215D116C730}.Debug2019|x64.Build.0 = Debug|Any CPU
		{A71D3F8F-4592-4CD4-83E4-A215D116C730}.Debug2020|Any CPU.ActiveCfg = Debug|Any CPU
		{A71D3F8F-4592-4CD4-83E4-A215D116C730}.Debug2020|Any CPU.Build.0 = Debug|Any CPU
		{A71D3F8F-4592-4CD4-83E4-A215D116C730}.Debug2020|x64.ActiveCfg = Debug|Any CPU
		{A71D3F8F-4592-4CD4-83E4-A215D116C730}.Debug2020|x64.Build.0 = Debug|Any CPU
		{A71D3F8F-4592-4CD4-83E4-A215D116C730}.Debug2021|Any CPU.ActiveCfg = Debug|Any CPU
		{A71D3F8F-4592-4CD4-83E4-A215D116C730}.Debug2021|Any CPU.Build.0 = Debug|Any CPU
		{A71D3F8F-4592-4CD4-83E4-A215D116C730}.Debug2021|x64.ActiveCfg = Debug|Any CPU
		{A71D3F8F-4592-4CD4-83E4-A215D116C730}.Debug2021|x64.Build.0 = Debug|Any CPU
		{A71D3F8F-4592-4CD4-83E4-A215D116C730}.Release|Any CPU.ActiveCfg = Release|Any CPU
		{A71D3F8F-4592-4CD4-83E4-A215D116C730}.Release|Any CPU.Build.0 = Release|Any CPU
		{A71D3F8F-4592-4CD4-83E4-A215D116C730}.Release|x64.ActiveCfg = Release|Any CPU
		{A71D3F8F-4592-4CD4-83E4-A215D116C730}.Release|x64.Build.0 = Release|Any CPU
		{A71D3F8F-4592-4CD4-83E4-A215D116C730}.Release2019|Any CPU.ActiveCfg = Release|Any CPU
		{A71D3F8F-4592-4CD4-83E4-A215D116C730}.Release2019|Any CPU.Build.0 = Release|Any CPU
		{A71D3F8F-4592-4CD4-83E4-A215D116C730}.Release2019|x64.ActiveCfg = Release|Any CPU
		{A71D3F8F-4592-4CD4-83E4-A215D116C730}.Release2019|x64.Build.0 = Release|Any CPU
		{A71D3F8F-4592-4CD4-83E4-A215D116C730}.Release2020|Any CPU.ActiveCfg = Release|Any CPU
		{A71D3F8F-4592-4CD4-83E4-A215D116C730}.Release2020|Any CPU.Build.0 = Release|Any CPU
		{A71D3F8F-4592-4CD4-83E4-A215D116C730}.Release2020|x64.ActiveCfg = Release|Any CPU
		{A71D3F8F-4592-4CD4-83E4-A215D116C730}.Release2020|x64.Build.0 = Release|Any CPU
		{A71D3F8F-4592-4CD4-83E4-A215D116C730}.Release2021|Any CPU.ActiveCfg = Release|Any CPU
		{A71D3F8F-4592-4CD4-83E4-A215D116C730}.Release2021|Any CPU.Build.0 = Release|Any CPU
		{A71D3F8F-4592-4CD4-83E4-A215D116C730}.Release2021|x64.ActiveCfg = Release|Any CPU
		{A71D3F8F-4592-4CD4-83E4-A215D116C730}.Release2021|x64.Build.0 = Release|Any CPU
		{87A3348F-A510-4101-BD87-DBBF9EBE4070}.Debug|Any CPU.ActiveCfg = Debug|Any CPU
		{87A3348F-A510-4101-BD87-DBBF9EBE4070}.Debug|Any CPU.Build.0 = Debug|Any CPU
		{87A3348F-A510-4101-BD87-DBBF9EBE4070}.Debug|x64.ActiveCfg = Debug|Any CPU
		{87A3348F-A510-4101-BD87-DBBF9EBE4070}.Debug|x64.Build.0 = Debug|Any CPU
		{87A3348F-A510-4101-BD87-DBBF9EBE4070}.Debug2019|Any CPU.ActiveCfg = Debug|Any CPU
		{87A3348F-A510-4101-BD87-DBBF9EBE4070}.Debug2019|Any CPU.Build.0 = Debug|Any CPU
		{87A3348F-A510-4101-BD87-DBBF9EBE4070}.Debug2019|x64.ActiveCfg = Debug|Any CPU
		{87A3348F-A510-4101-BD87-DBBF9EBE4070}.Debug2019|x64.Build.0 = Debug|Any CPU
		{87A3348F-A510-4101-BD87-DBBF9EBE4070}.Debug2020|Any CPU.ActiveCfg = Debug|Any CPU
		{87A3348F-A510-4101-BD87-DBBF9EBE4070}.Debug2020|Any CPU.Build.0 = Debug|Any CPU
		{87A3348F-A510-4101-BD87-DBBF9EBE4070}.Debug2020|x64.ActiveCfg = Debug|Any CPU
		{87A3348F-A510-4101-BD87-DBBF9EBE4070}.Debug2020|x64.Build.0 = Debug|Any CPU
		{87A3348F-A510-4101-BD87-DBBF9EBE4070}.Debug2021|Any CPU.ActiveCfg = Debug|Any CPU
		{87A3348F-A510-4101-BD87-DBBF9EBE4070}.Debug2021|Any CPU.Build.0 = Debug|Any CPU
		{87A3348F-A510-4101-BD87-DBBF9EBE4070}.Debug2021|x64.ActiveCfg = Debug|Any CPU
		{87A3348F-A510-4101-BD87-DBBF9EBE4070}.Debug2021|x64.Build.0 = Debug|Any CPU
		{87A3348F-A510-4101-BD87-DBBF9EBE4070}.Release|Any CPU.ActiveCfg = Release|Any CPU
		{87A3348F-A510-4101-BD87-DBBF9EBE4070}.Release|Any CPU.Build.0 = Release|Any CPU
		{87A3348F-A510-4101-BD87-DBBF9EBE4070}.Release|x64.ActiveCfg = Release|Any CPU
		{87A3348F-A510-4101-BD87-DBBF9EBE4070}.Release|x64.Build.0 = Release|Any CPU
		{87A3348F-A510-4101-BD87-DBBF9EBE4070}.Release2019|Any CPU.ActiveCfg = Release|Any CPU
		{87A3348F-A510-4101-BD87-DBBF9EBE4070}.Release2019|Any CPU.Build.0 = Release|Any CPU
		{87A3348F-A510-4101-BD87-DBBF9EBE4070}.Release2019|x64.ActiveCfg = Release|Any CPU
		{87A3348F-A510-4101-BD87-DBBF9EBE4070}.Release2019|x64.Build.0 = Release|Any CPU
		{87A3348F-A510-4101-BD87-DBBF9EBE4070}.Release2020|Any CPU.ActiveCfg = Release|Any CPU
		{87A3348F-A510-4101-BD87-DBBF9EBE4070}.Release2020|Any CPU.Build.0 = Release|Any CPU
		{87A3348F-A510-4101-BD87-DBBF9EBE4070}.Release2020|x64.ActiveCfg = Release|Any CPU
		{87A3348F-A510-4101-BD87-DBBF9EBE4070}.Release2020|x64.Build.0 = Release|Any CPU
		{87A3348F-A510-4101-BD87-DBBF9EBE4070}.Release2021|Any CPU.ActiveCfg = Release|Any CPU
		{87A3348F-A510-4101-BD87-DBBF9EBE4070}.Release2021|Any CPU.Build.0 = Release|Any CPU
		{87A3348F-A510-4101-BD87-DBBF9EBE4070}.Release2021|x64.ActiveCfg = Release|Any CPU
		{87A3348F-A510-4101-BD87-DBBF9EBE4070}.Release2021|x64.Build.0 = Release|Any CPU
		{9C491E50-B0F8-4D08-BFAC-E0A2AD6CF563}.Debug|Any CPU.ActiveCfg = Debug|Any CPU
		{9C491E50-B0F8-4D08-BFAC-E0A2AD6CF563}.Debug|Any CPU.Build.0 = Debug|Any CPU
		{9C491E50-B0F8-4D08-BFAC-E0A2AD6CF563}.Debug|x64.ActiveCfg = Debug|Any CPU
		{9C491E50-B0F8-4D08-BFAC-E0A2AD6CF563}.Debug|x64.Build.0 = Debug|Any CPU
		{9C491E50-B0F8-4D08-BFAC-E0A2AD6CF563}.Debug2019|Any CPU.ActiveCfg = Debug|Any CPU
		{9C491E50-B0F8-4D08-BFAC-E0A2AD6CF563}.Debug2019|Any CPU.Build.0 = Debug|Any CPU
		{9C491E50-B0F8-4D08-BFAC-E0A2AD6CF563}.Debug2019|x64.ActiveCfg = Debug|Any CPU
		{9C491E50-B0F8-4D08-BFAC-E0A2AD6CF563}.Debug2019|x64.Build.0 = Debug|Any CPU
		{9C491E50-B0F8-4D08-BFAC-E0A2AD6CF563}.Debug2020|Any CPU.ActiveCfg = Debug|Any CPU
		{9C491E50-B0F8-4D08-BFAC-E0A2AD6CF563}.Debug2020|Any CPU.Build.0 = Debug|Any CPU
		{9C491E50-B0F8-4D08-BFAC-E0A2AD6CF563}.Debug2020|x64.ActiveCfg = Debug|Any CPU
		{9C491E50-B0F8-4D08-BFAC-E0A2AD6CF563}.Debug2020|x64.Build.0 = Debug|Any CPU
		{9C491E50-B0F8-4D08-BFAC-E0A2AD6CF563}.Debug2021|Any CPU.ActiveCfg = Debug|Any CPU
		{9C491E50-B0F8-4D08-BFAC-E0A2AD6CF563}.Debug2021|Any CPU.Build.0 = Debug|Any CPU
		{9C491E50-B0F8-4D08-BFAC-E0A2AD6CF563}.Debug2021|x64.ActiveCfg = Debug|Any CPU
		{9C491E50-B0F8-4D08-BFAC-E0A2AD6CF563}.Debug2021|x64.Build.0 = Debug|Any CPU
		{9C491E50-B0F8-4D08-BFAC-E0A2AD6CF563}.Release|Any CPU.ActiveCfg = Release|Any CPU
		{9C491E50-B0F8-4D08-BFAC-E0A2AD6CF563}.Release|Any CPU.Build.0 = Release|Any CPU
		{9C491E50-B0F8-4D08-BFAC-E0A2AD6CF563}.Release|x64.ActiveCfg = Release|Any CPU
		{9C491E50-B0F8-4D08-BFAC-E0A2AD6CF563}.Release|x64.Build.0 = Release|Any CPU
		{9C491E50-B0F8-4D08-BFAC-E0A2AD6CF563}.Release2019|Any CPU.ActiveCfg = Release|Any CPU
		{9C491E50-B0F8-4D08-BFAC-E0A2AD6CF563}.Release2019|Any CPU.Build.0 = Release|Any CPU
		{9C491E50-B0F8-4D08-BFAC-E0A2AD6CF563}.Release2019|x64.ActiveCfg = Release|Any CPU
		{9C491E50-B0F8-4D08-BFAC-E0A2AD6CF563}.Release2019|x64.Build.0 = Release|Any CPU
		{9C491E50-B0F8-4D08-BFAC-E0A2AD6CF563}.Release2020|Any CPU.ActiveCfg = Release|Any CPU
		{9C491E50-B0F8-4D08-BFAC-E0A2AD6CF563}.Release2020|Any CPU.Build.0 = Release|Any CPU
		{9C491E50-B0F8-4D08-BFAC-E0A2AD6CF563}.Release2020|x64.ActiveCfg = Release|Any CPU
		{9C491E50-B0F8-4D08-BFAC-E0A2AD6CF563}.Release2020|x64.Build.0 = Release|Any CPU
		{9C491E50-B0F8-4D08-BFAC-E0A2AD6CF563}.Release2021|Any CPU.ActiveCfg = Release|Any CPU
		{9C491E50-B0F8-4D08-BFAC-E0A2AD6CF563}.Release2021|Any CPU.Build.0 = Release|Any CPU
		{9C491E50-B0F8-4D08-BFAC-E0A2AD6CF563}.Release2021|x64.ActiveCfg = Release|Any CPU
		{9C491E50-B0F8-4D08-BFAC-E0A2AD6CF563}.Release2021|x64.Build.0 = Release|Any CPU
		{54B5BF04-3C46-498C-AE2A-1F2F85768C2C}.Debug|Any CPU.ActiveCfg = Debug|Any CPU
		{54B5BF04-3C46-498C-AE2A-1F2F85768C2C}.Debug|Any CPU.Build.0 = Debug|Any CPU
		{54B5BF04-3C46-498C-AE2A-1F2F85768C2C}.Debug|x64.ActiveCfg = Debug|Any CPU
		{54B5BF04-3C46-498C-AE2A-1F2F85768C2C}.Debug|x64.Build.0 = Debug|Any CPU
		{54B5BF04-3C46-498C-AE2A-1F2F85768C2C}.Debug2019|Any CPU.ActiveCfg = Debug|Any CPU
		{54B5BF04-3C46-498C-AE2A-1F2F85768C2C}.Debug2019|Any CPU.Build.0 = Debug|Any CPU
		{54B5BF04-3C46-498C-AE2A-1F2F85768C2C}.Debug2019|x64.ActiveCfg = Debug|Any CPU
		{54B5BF04-3C46-498C-AE2A-1F2F85768C2C}.Debug2019|x64.Build.0 = Debug|Any CPU
		{54B5BF04-3C46-498C-AE2A-1F2F85768C2C}.Debug2020|Any CPU.ActiveCfg = Debug|Any CPU
		{54B5BF04-3C46-498C-AE2A-1F2F85768C2C}.Debug2020|Any CPU.Build.0 = Debug|Any CPU
		{54B5BF04-3C46-498C-AE2A-1F2F85768C2C}.Debug2020|x64.ActiveCfg = Debug|Any CPU
		{54B5BF04-3C46-498C-AE2A-1F2F85768C2C}.Debug2020|x64.Build.0 = Debug|Any CPU
		{54B5BF04-3C46-498C-AE2A-1F2F85768C2C}.Debug2021|Any CPU.ActiveCfg = Debug|Any CPU
		{54B5BF04-3C46-498C-AE2A-1F2F85768C2C}.Debug2021|Any CPU.Build.0 = Debug|Any CPU
		{54B5BF04-3C46-498C-AE2A-1F2F85768C2C}.Debug2021|x64.ActiveCfg = Debug|Any CPU
		{54B5BF04-3C46-498C-AE2A-1F2F85768C2C}.Debug2021|x64.Build.0 = Debug|Any CPU
		{54B5BF04-3C46-498C-AE2A-1F2F85768C2C}.Release|Any CPU.ActiveCfg = Release|Any CPU
		{54B5BF04-3C46-498C-AE2A-1F2F85768C2C}.Release|Any CPU.Build.0 = Release|Any CPU
		{54B5BF04-3C46-498C-AE2A-1F2F85768C2C}.Release|x64.ActiveCfg = Release|Any CPU
		{54B5BF04-3C46-498C-AE2A-1F2F85768C2C}.Release|x64.Build.0 = Release|Any CPU
		{54B5BF04-3C46-498C-AE2A-1F2F85768C2C}.Release2019|Any CPU.ActiveCfg = Release|Any CPU
		{54B5BF04-3C46-498C-AE2A-1F2F85768C2C}.Release2019|Any CPU.Build.0 = Release|Any CPU
		{54B5BF04-3C46-498C-AE2A-1F2F85768C2C}.Release2019|x64.ActiveCfg = Release|Any CPU
		{54B5BF04-3C46-498C-AE2A-1F2F85768C2C}.Release2019|x64.Build.0 = Release|Any CPU
		{54B5BF04-3C46-498C-AE2A-1F2F85768C2C}.Release2020|Any CPU.ActiveCfg = Release|Any CPU
		{54B5BF04-3C46-498C-AE2A-1F2F85768C2C}.Release2020|Any CPU.Build.0 = Release|Any CPU
		{54B5BF04-3C46-498C-AE2A-1F2F85768C2C}.Release2020|x64.ActiveCfg = Release|Any CPU
		{54B5BF04-3C46-498C-AE2A-1F2F85768C2C}.Release2020|x64.Build.0 = Release|Any CPU
		{54B5BF04-3C46-498C-AE2A-1F2F85768C2C}.Release2021|Any CPU.ActiveCfg = Release|Any CPU
		{54B5BF04-3C46-498C-AE2A-1F2F85768C2C}.Release2021|Any CPU.Build.0 = Release|Any CPU
		{54B5BF04-3C46-498C-AE2A-1F2F85768C2C}.Release2021|x64.ActiveCfg = Release|Any CPU
		{54B5BF04-3C46-498C-AE2A-1F2F85768C2C}.Release2021|x64.Build.0 = Release|Any CPU
		{EAC54DBF-B8FC-4B20-A33A-3EBA05841128}.Debug|Any CPU.ActiveCfg = Debug|Any CPU
		{EAC54DBF-B8FC-4B20-A33A-3EBA05841128}.Debug|Any CPU.Build.0 = Debug|Any CPU
		{EAC54DBF-B8FC-4B20-A33A-3EBA05841128}.Debug|x64.ActiveCfg = Debug|Any CPU
		{EAC54DBF-B8FC-4B20-A33A-3EBA05841128}.Debug|x64.Build.0 = Debug|Any CPU
		{EAC54DBF-B8FC-4B20-A33A-3EBA05841128}.Debug2019|Any CPU.ActiveCfg = Debug|Any CPU
		{EAC54DBF-B8FC-4B20-A33A-3EBA05841128}.Debug2019|Any CPU.Build.0 = Debug|Any CPU
		{EAC54DBF-B8FC-4B20-A33A-3EBA05841128}.Debug2019|x64.ActiveCfg = Debug|Any CPU
		{EAC54DBF-B8FC-4B20-A33A-3EBA05841128}.Debug2019|x64.Build.0 = Debug|Any CPU
		{EAC54DBF-B8FC-4B20-A33A-3EBA05841128}.Debug2020|Any CPU.ActiveCfg = Debug|Any CPU
		{EAC54DBF-B8FC-4B20-A33A-3EBA05841128}.Debug2020|Any CPU.Build.0 = Debug|Any CPU
		{EAC54DBF-B8FC-4B20-A33A-3EBA05841128}.Debug2020|x64.ActiveCfg = Debug|Any CPU
		{EAC54DBF-B8FC-4B20-A33A-3EBA05841128}.Debug2020|x64.Build.0 = Debug|Any CPU
		{EAC54DBF-B8FC-4B20-A33A-3EBA05841128}.Debug2021|Any CPU.ActiveCfg = Debug|Any CPU
		{EAC54DBF-B8FC-4B20-A33A-3EBA05841128}.Debug2021|Any CPU.Build.0 = Debug|Any CPU
		{EAC54DBF-B8FC-4B20-A33A-3EBA05841128}.Debug2021|x64.ActiveCfg = Debug|Any CPU
		{EAC54DBF-B8FC-4B20-A33A-3EBA05841128}.Debug2021|x64.Build.0 = Debug|Any CPU
		{EAC54DBF-B8FC-4B20-A33A-3EBA05841128}.Release|Any CPU.ActiveCfg = Release|Any CPU
		{EAC54DBF-B8FC-4B20-A33A-3EBA05841128}.Release|Any CPU.Build.0 = Release|Any CPU
		{EAC54DBF-B8FC-4B20-A33A-3EBA05841128}.Release|x64.ActiveCfg = Release|Any CPU
		{EAC54DBF-B8FC-4B20-A33A-3EBA05841128}.Release|x64.Build.0 = Release|Any CPU
		{EAC54DBF-B8FC-4B20-A33A-3EBA05841128}.Release2019|Any CPU.ActiveCfg = Release|Any CPU
		{EAC54DBF-B8FC-4B20-A33A-3EBA05841128}.Release2019|Any CPU.Build.0 = Release|Any CPU
		{EAC54DBF-B8FC-4B20-A33A-3EBA05841128}.Release2019|x64.ActiveCfg = Release|Any CPU
		{EAC54DBF-B8FC-4B20-A33A-3EBA05841128}.Release2019|x64.Build.0 = Release|Any CPU
		{EAC54DBF-B8FC-4B20-A33A-3EBA05841128}.Release2020|Any CPU.ActiveCfg = Release|Any CPU
		{EAC54DBF-B8FC-4B20-A33A-3EBA05841128}.Release2020|Any CPU.Build.0 = Release|Any CPU
		{EAC54DBF-B8FC-4B20-A33A-3EBA05841128}.Release2020|x64.ActiveCfg = Release|Any CPU
		{EAC54DBF-B8FC-4B20-A33A-3EBA05841128}.Release2020|x64.Build.0 = Release|Any CPU
		{EAC54DBF-B8FC-4B20-A33A-3EBA05841128}.Release2021|Any CPU.ActiveCfg = Release|Any CPU
		{EAC54DBF-B8FC-4B20-A33A-3EBA05841128}.Release2021|Any CPU.Build.0 = Release|Any CPU
		{EAC54DBF-B8FC-4B20-A33A-3EBA05841128}.Release2021|x64.ActiveCfg = Release|Any CPU
		{EAC54DBF-B8FC-4B20-A33A-3EBA05841128}.Release2021|x64.Build.0 = Release|Any CPU
		{6A3861F4-CA3E-4790-BF27-3C502E18783C}.Debug|Any CPU.ActiveCfg = Debug|Any CPU
		{6A3861F4-CA3E-4790-BF27-3C502E18783C}.Debug|Any CPU.Build.0 = Debug|Any CPU
		{6A3861F4-CA3E-4790-BF27-3C502E18783C}.Debug|x64.ActiveCfg = Debug|Any CPU
		{6A3861F4-CA3E-4790-BF27-3C502E18783C}.Debug|x64.Build.0 = Debug|Any CPU
		{6A3861F4-CA3E-4790-BF27-3C502E18783C}.Debug2019|Any CPU.ActiveCfg = Debug|Any CPU
		{6A3861F4-CA3E-4790-BF27-3C502E18783C}.Debug2019|Any CPU.Build.0 = Debug|Any CPU
		{6A3861F4-CA3E-4790-BF27-3C502E18783C}.Debug2019|x64.ActiveCfg = Debug|Any CPU
		{6A3861F4-CA3E-4790-BF27-3C502E18783C}.Debug2019|x64.Build.0 = Debug|Any CPU
		{6A3861F4-CA3E-4790-BF27-3C502E18783C}.Debug2020|Any CPU.ActiveCfg = Debug|Any CPU
		{6A3861F4-CA3E-4790-BF27-3C502E18783C}.Debug2020|Any CPU.Build.0 = Debug|Any CPU
		{6A3861F4-CA3E-4790-BF27-3C502E18783C}.Debug2020|x64.ActiveCfg = Debug|Any CPU
		{6A3861F4-CA3E-4790-BF27-3C502E18783C}.Debug2020|x64.Build.0 = Debug|Any CPU
		{6A3861F4-CA3E-4790-BF27-3C502E18783C}.Debug2021|Any CPU.ActiveCfg = Debug|Any CPU
		{6A3861F4-CA3E-4790-BF27-3C502E18783C}.Debug2021|Any CPU.Build.0 = Debug|Any CPU
		{6A3861F4-CA3E-4790-BF27-3C502E18783C}.Debug2021|x64.ActiveCfg = Debug|Any CPU
		{6A3861F4-CA3E-4790-BF27-3C502E18783C}.Debug2021|x64.Build.0 = Debug|Any CPU
		{6A3861F4-CA3E-4790-BF27-3C502E18783C}.Release|Any CPU.ActiveCfg = Release|Any CPU
		{6A3861F4-CA3E-4790-BF27-3C502E18783C}.Release|Any CPU.Build.0 = Release|Any CPU
		{6A3861F4-CA3E-4790-BF27-3C502E18783C}.Release|x64.ActiveCfg = Release|Any CPU
		{6A3861F4-CA3E-4790-BF27-3C502E18783C}.Release|x64.Build.0 = Release|Any CPU
		{6A3861F4-CA3E-4790-BF27-3C502E18783C}.Release2019|Any CPU.ActiveCfg = Release|Any CPU
		{6A3861F4-CA3E-4790-BF27-3C502E18783C}.Release2019|Any CPU.Build.0 = Release|Any CPU
		{6A3861F4-CA3E-4790-BF27-3C502E18783C}.Release2019|x64.ActiveCfg = Release|Any CPU
		{6A3861F4-CA3E-4790-BF27-3C502E18783C}.Release2019|x64.Build.0 = Release|Any CPU
		{6A3861F4-CA3E-4790-BF27-3C502E18783C}.Release2020|Any CPU.ActiveCfg = Release|Any CPU
		{6A3861F4-CA3E-4790-BF27-3C502E18783C}.Release2020|Any CPU.Build.0 = Release|Any CPU
		{6A3861F4-CA3E-4790-BF27-3C502E18783C}.Release2020|x64.ActiveCfg = Release|Any CPU
		{6A3861F4-CA3E-4790-BF27-3C502E18783C}.Release2020|x64.Build.0 = Release|Any CPU
		{6A3861F4-CA3E-4790-BF27-3C502E18783C}.Release2021|Any CPU.ActiveCfg = Release|Any CPU
		{6A3861F4-CA3E-4790-BF27-3C502E18783C}.Release2021|Any CPU.Build.0 = Release|Any CPU
		{6A3861F4-CA3E-4790-BF27-3C502E18783C}.Release2021|x64.ActiveCfg = Release|Any CPU
		{6A3861F4-CA3E-4790-BF27-3C502E18783C}.Release2021|x64.Build.0 = Release|Any CPU
	EndGlobalSection
	GlobalSection(SolutionProperties) = preSolution
		HideSolutionNode = FALSE
	EndGlobalSection
	GlobalSection(NestedProjects) = preSolution
		{390B0BA1-4621-459F-8CE2-788797AB3134} = {1099033B-8BD9-4038-AF9A-94A3370B4F8C}
		{A71D3F8F-4592-4CD4-83E4-A215D116C730} = {1099033B-8BD9-4038-AF9A-94A3370B4F8C}
		{87A3348F-A510-4101-BD87-DBBF9EBE4070} = {1099033B-8BD9-4038-AF9A-94A3370B4F8C}
		{9C491E50-B0F8-4D08-BFAC-E0A2AD6CF563} = {1099033B-8BD9-4038-AF9A-94A3370B4F8C}
		{54B5BF04-3C46-498C-AE2A-1F2F85768C2C} = {1099033B-8BD9-4038-AF9A-94A3370B4F8C}
		{EAC54DBF-B8FC-4B20-A33A-3EBA05841128} = {1099033B-8BD9-4038-AF9A-94A3370B4F8C}
		{6A3861F4-CA3E-4790-BF27-3C502E18783C} = {1099033B-8BD9-4038-AF9A-94A3370B4F8C}
	EndGlobalSection
	GlobalSection(ExtensibilityGlobals) = postSolution
		SolutionGuid = {650BE642-C7CC-4FF5-9EE5-8C57BF553143}
	EndGlobalSection
EndGlobal
