
Microsoft Visual Studio Solution File, Format Version 12.00
# Visual Studio Version 16
VisualStudioVersion = 16.0.30011.22
MinimumVisualStudioVersion = 10.0.40219.1
Project("{9A19103F-16F7-4668-BE54-9A1E7A4F7556}") = "Objects", "Objects\Objects.csproj", "{95C2153A-642E-4779-90C0-BFF56FC561A9}"
EndProject
Project("{9A19103F-16F7-4668-BE54-9A1E7A4F7556}") = "Core", "..\Core\Core\Core.csproj", "{7EF0C96C-1FD9-42B2-85CE-BFD9B10DAC06}"
EndProject
Project("{2150E333-8FDC-42A3-9474-1A3956D46DE8}") = "Converters", "Converters", "{CCC09288-CE76-4FDB-B0C9-220112F88CD9}"
EndProject
Project("{2150E333-8FDC-42A3-9474-1A3956D46DE8}") = "Local Dependencies", "Local Dependencies", "{986B7226-6A4C-4881-8481-ADAFD0EC70B0}"
EndProject
Project("{9A19103F-16F7-4668-BE54-9A1E7A4F7556}") = "ConverterRevit", "..\ConverterRevit\ConverterRevit\ConverterRevit.csproj", "{7C0CF535-3A04-469B-AF2E-07166E1C0A9C}"
EndProject
Project("{FAE04EC0-301F-11D3-BF4B-00C04F79EFBC}") = "ConverterRhinoGh", "..\ConverterRhinoGh\ConverterRhinoGh\ConverterRhinoGh.csproj", "{A987E5E1-8605-46BA-9476-1D8D28502273}"
EndProject
Project("{9A19103F-16F7-4668-BE54-9A1E7A4F7556}") = "ConverterDynamo", "..\ConverterDynamo\ConverterDynamo\ConverterDynamo.csproj", "{10FAA737-42DD-4B96-814B-8224E10C7D27}"
EndProject
Global
	GlobalSection(SolutionConfigurationPlatforms) = preSolution
		Debug|Any CPU = Debug|Any CPU
		Release|Any CPU = Release|Any CPU
	EndGlobalSection
	GlobalSection(ProjectConfigurationPlatforms) = postSolution
		{95C2153A-642E-4779-90C0-BFF56FC561A9}.Debug|Any CPU.ActiveCfg = Debug|Any CPU
		{95C2153A-642E-4779-90C0-BFF56FC561A9}.Debug|Any CPU.Build.0 = Debug|Any CPU
		{95C2153A-642E-4779-90C0-BFF56FC561A9}.Release|Any CPU.ActiveCfg = Release|Any CPU
		{95C2153A-642E-4779-90C0-BFF56FC561A9}.Release|Any CPU.Build.0 = Release|Any CPU
		{7EF0C96C-1FD9-42B2-85CE-BFD9B10DAC06}.Debug|Any CPU.ActiveCfg = Debug|Any CPU
		{7EF0C96C-1FD9-42B2-85CE-BFD9B10DAC06}.Debug|Any CPU.Build.0 = Debug|Any CPU
		{7EF0C96C-1FD9-42B2-85CE-BFD9B10DAC06}.Release|Any CPU.ActiveCfg = Release|Any CPU
		{7EF0C96C-1FD9-42B2-85CE-BFD9B10DAC06}.Release|Any CPU.Build.0 = Release|Any CPU
		{7C0CF535-3A04-469B-AF2E-07166E1C0A9C}.Debug|Any CPU.ActiveCfg = Debug|Any CPU
		{7C0CF535-3A04-469B-AF2E-07166E1C0A9C}.Debug|Any CPU.Build.0 = Debug|Any CPU
		{7C0CF535-3A04-469B-AF2E-07166E1C0A9C}.Release|Any CPU.ActiveCfg = Release|Any CPU
		{7C0CF535-3A04-469B-AF2E-07166E1C0A9C}.Release|Any CPU.Build.0 = Release|Any CPU
		{A987E5E1-8605-46BA-9476-1D8D28502273}.Debug|Any CPU.ActiveCfg = Debug|Any CPU
		{A987E5E1-8605-46BA-9476-1D8D28502273}.Debug|Any CPU.Build.0 = Debug|Any CPU
		{A987E5E1-8605-46BA-9476-1D8D28502273}.Release|Any CPU.ActiveCfg = Release|Any CPU
		{A987E5E1-8605-46BA-9476-1D8D28502273}.Release|Any CPU.Build.0 = Release|Any CPU
		{10FAA737-42DD-4B96-814B-8224E10C7D27}.Debug|Any CPU.ActiveCfg = Debug|Any CPU
		{10FAA737-42DD-4B96-814B-8224E10C7D27}.Debug|Any CPU.Build.0 = Debug|Any CPU
		{10FAA737-42DD-4B96-814B-8224E10C7D27}.Release|Any CPU.ActiveCfg = Release|Any CPU
		{10FAA737-42DD-4B96-814B-8224E10C7D27}.Release|Any CPU.Build.0 = Release|Any CPU
	EndGlobalSection
	GlobalSection(SolutionProperties) = preSolution
		HideSolutionNode = FALSE
	EndGlobalSection
	GlobalSection(NestedProjects) = preSolution
		{7EF0C96C-1FD9-42B2-85CE-BFD9B10DAC06} = {986B7226-6A4C-4881-8481-ADAFD0EC70B0}
		{7C0CF535-3A04-469B-AF2E-07166E1C0A9C} = {CCC09288-CE76-4FDB-B0C9-220112F88CD9}
		{A987E5E1-8605-46BA-9476-1D8D28502273} = {CCC09288-CE76-4FDB-B0C9-220112F88CD9}
		{10FAA737-42DD-4B96-814B-8224E10C7D27} = {CCC09288-CE76-4FDB-B0C9-220112F88CD9}
	EndGlobalSection
	GlobalSection(ExtensibilityGlobals) = postSolution
		SolutionGuid = {DA57EC2E-0A9E-4F59-B1F7-A65F76A74B74}
	EndGlobalSection
EndGlobal
