
Microsoft Visual Studio Solution File, Format Version 12.00
# Visual Studio 15
Project("{FAE04EC0-301F-11D3-BF4B-00C04F79EFBC}") = "Speckle", "SpeckleModels\Speckle.csproj", "{621A7131-0B93-4D69-B0D9-7C1BD93EC046}"
EndProject
Global
	GlobalSection(SolutionConfigurationPlatforms) = preSolution
		Debug|Any CPU = Debug|Any CPU
		Release|Any CPU = Release|Any CPU
	EndGlobalSection
	GlobalSection(ProjectConfigurationPlatforms) = postSolution
		{621A7131-0B93-4D69-B0D9-7C1BD93EC046}.Debug|Any CPU.ActiveCfg = Debug|Any CPU
		{621A7131-0B93-4D69-B0D9-7C1BD93EC046}.Debug|Any CPU.Build.0 = Debug|Any CPU
		{621A7131-0B93-4D69-B0D9-7C1BD93EC046}.Release|Any CPU.ActiveCfg = Release|Any CPU
		{621A7131-0B93-4D69-B0D9-7C1BD93EC046}.Release|Any CPU.Build.0 = Release|Any CPU
	EndGlobalSection
EndGlobal
