
Microsoft Visual Studio Solution File, Format Version 12.00
# Visual Studio Version 17
VisualStudioVersion = 17.5.33414.496
MinimumVisualStudioVersion = 10.0.40219.1
Project("{9A19103F-16F7-4668-BE54-9A1E7A4F7556}") = "Triangle", "Triangle.csproj", "{A98C04F7-5740-49FB-8158-A5DD4E95598E}"
EndProject
Global
	GlobalSection(SolutionConfigurationPlatforms) = preSolution
		Debug|Any CPU = Debug|Any CPU
		Release|Any CPU = Release|Any CPU
	EndGlobalSection
	GlobalSection(ProjectConfigurationPlatforms) = postSolution
		{A98C04F7-5740-49FB-8158-A5DD4E95598E}.Debug|Any CPU.ActiveCfg = Debug|Any CPU
		{A98C04F7-5740-49FB-8158-A5DD4E95598E}.Debug|Any CPU.Build.0 = Debug|Any CPU
		{A98C04F7-5740-49FB-8158-A5DD4E95598E}.Release|Any CPU.ActiveCfg = Release|Any CPU
		{A98C04F7-5740-49FB-8158-A5DD4E95598E}.Release|Any CPU.Build.0 = Release|Any CPU
	EndGlobalSection
	GlobalSection(SolutionProperties) = preSolution
		HideSolutionNode = FALSE
	EndGlobalSection
	GlobalSection(ExtensibilityGlobals) = postSolution
		SolutionGuid = {30FEF769-E9ED-48FE-AB53-015BE3580909}
	EndGlobalSection
EndGlobal
