
Microsoft Visual Studio Solution File, Format Version 12.00
# Visual Studio Version 16
VisualStudioVersion = 16.0.31424.327
MinimumVisualStudioVersion = 10.0.40219.1
Project("{FAE04EC0-301F-11D3-BF4B-00C04F79EFBC}") = "ExcelAddinRequest", "ExcelAddinRequest.csproj", "{63561C7D-FBC2-4B90-B14A-A34C18DFC38A}"
EndProject
Global
	GlobalSection(SolutionConfigurationPlatforms) = preSolution
		Debug|Any CPU = Debug|Any CPU
		Release|Any CPU = Release|Any CPU
	EndGlobalSection
	GlobalSection(ProjectConfigurationPlatforms) = postSolution
		{63561C7D-FBC2-4B90-B14A-A34C18DFC38A}.Debug|Any CPU.ActiveCfg = Debug|Any CPU
		{63561C7D-FBC2-4B90-B14A-A34C18DFC38A}.Debug|Any CPU.Build.0 = Debug|Any CPU
		{63561C7D-FBC2-4B90-B14A-A34C18DFC38A}.Release|Any CPU.ActiveCfg = Release|Any CPU
		{63561C7D-FBC2-4B90-B14A-A34C18DFC38A}.Release|Any CPU.Build.0 = Release|Any CPU
	EndGlobalSection
	GlobalSection(SolutionProperties) = preSolution
		HideSolutionNode = FALSE
	EndGlobalSection
	GlobalSection(ExtensibilityGlobals) = postSolution
		SolutionGuid = {431B4434-0805-455C-AE23-1CF150690D73}
	EndGlobalSection
EndGlobal
