
Microsoft Visual Studio Solution File, Format Version 12.00
# Visual Studio Version 16
VisualStudioVersion = 16.0.30225.117
MinimumVisualStudioVersion = 10.0.40219.1
Project("{9A19103F-16F7-4668-BE54-9A1E7A4F7556}") = "Core", "..\Core\Core\Core.csproj", "{511B8E0F-4368-4BF9-A91C-F4A30C07D6C0}"
EndProject
Project("{2150E333-8FDC-42A3-9474-1A3956D46DE8}") = "Solution Items", "Solution Items", "{0F1A4B20-2160-43DF-AED3-F11BC4DFC205}"
	ProjectSection(SolutionItems) = preProject
		.editorconfig = .editorconfig
	EndProjectSection
EndProject
Project("{FAE04EC0-301F-11D3-BF4B-00C04F79EFBC}") = "DesktopUI", "DesktopUI\DesktopUI.csproj", "{A97C3046-2D55-4C49-AB40-A3C2194B82FA}"
EndProject
Global
	GlobalSection(SolutionConfigurationPlatforms) = preSolution
		Debug|Any CPU = Debug|Any CPU
		Debug|x64 = Debug|x64
		Release|Any CPU = Release|Any CPU
		Release|x64 = Release|x64
	EndGlobalSection
	GlobalSection(ProjectConfigurationPlatforms) = postSolution
		{511B8E0F-4368-4BF9-A91C-F4A30C07D6C0}.Debug|Any CPU.ActiveCfg = Debug|Any CPU
		{511B8E0F-4368-4BF9-A91C-F4A30C07D6C0}.Debug|Any CPU.Build.0 = Debug|Any CPU
		{511B8E0F-4368-4BF9-A91C-F4A30C07D6C0}.Debug|x64.ActiveCfg = Debug|Any CPU
		{511B8E0F-4368-4BF9-A91C-F4A30C07D6C0}.Debug|x64.Build.0 = Debug|Any CPU
		{511B8E0F-4368-4BF9-A91C-F4A30C07D6C0}.Release|Any CPU.ActiveCfg = Release|Any CPU
		{511B8E0F-4368-4BF9-A91C-F4A30C07D6C0}.Release|Any CPU.Build.0 = Release|Any CPU
		{511B8E0F-4368-4BF9-A91C-F4A30C07D6C0}.Release|x64.ActiveCfg = Release|Any CPU
		{511B8E0F-4368-4BF9-A91C-F4A30C07D6C0}.Release|x64.Build.0 = Release|Any CPU
		{A97C3046-2D55-4C49-AB40-A3C2194B82FA}.Debug|Any CPU.ActiveCfg = Debug|Any CPU
		{A97C3046-2D55-4C49-AB40-A3C2194B82FA}.Debug|Any CPU.Build.0 = Debug|Any CPU
		{A97C3046-2D55-4C49-AB40-A3C2194B82FA}.Debug|x64.ActiveCfg = Debug|x64
		{A97C3046-2D55-4C49-AB40-A3C2194B82FA}.Debug|x64.Build.0 = Debug|x64
		{A97C3046-2D55-4C49-AB40-A3C2194B82FA}.Release|Any CPU.ActiveCfg = Release|Any CPU
		{A97C3046-2D55-4C49-AB40-A3C2194B82FA}.Release|Any CPU.Build.0 = Release|Any CPU
		{A97C3046-2D55-4C49-AB40-A3C2194B82FA}.Release|x64.ActiveCfg = Release|Any CPU
		{A97C3046-2D55-4C49-AB40-A3C2194B82FA}.Release|x64.Build.0 = Release|Any CPU
	EndGlobalSection
	GlobalSection(SolutionProperties) = preSolution
		HideSolutionNode = FALSE
	EndGlobalSection
	GlobalSection(ExtensibilityGlobals) = postSolution
		SolutionGuid = {F12BF2FA-1018-49F1-B6D3-54EF22FE6802}
	EndGlobalSection
EndGlobal
