
Microsoft Visual Studio Solution File, Format Version 12.00
# Visual Studio Version 16
VisualStudioVersion = 16.0.30011.22
MinimumVisualStudioVersion = 10.0.40219.1
Project("{FAE04EC0-301F-11D3-BF4B-00C04F79EFBC}") = "ConnectorRevit", "ConnectorRevit\ConnectorRevit.csproj", "{27A79ACA-7EA8-4406-8BB8-216578CC3AB7}"
EndProject
Project("{FAE04EC0-301F-11D3-BF4B-00C04F79EFBC}") = "DesktopUI", "..\DesktopUI\DesktopUI\DesktopUI.csproj", "{A97C3046-2D55-4C49-AB40-A3C2194B82FA}"
EndProject
Project("{9A19103F-16F7-4668-BE54-9A1E7A4F7556}") = "Core", "..\Core\Core\Core.csproj", "{521D4AEE-08CF-4913-BBE8-5511D176D126}"
EndProject
Project("{9A19103F-16F7-4668-BE54-9A1E7A4F7556}") = "Objects", "..\Objects\Objects\Objects.csproj", "{BE852BE3-37B8-4B62-AC2C-0872C41A2542}"
EndProject
Project("{2150E333-8FDC-42A3-9474-1A3956D46DE8}") = "Local Dependencies", "Local Dependencies", "{39F07EF9-5867-4062-886D-2417C86305C2}"
EndProject
Project("{9A19103F-16F7-4668-BE54-9A1E7A4F7556}") = "ConverterRevit", "..\Objects\Converters\ConverterRevit\ConverterRevit\ConverterRevit.csproj", "{F42583AF-21F0-4235-8D38-02CB1BA0E058}"
EndProject
Project("{9A19103F-16F7-4668-BE54-9A1E7A4F7556}") = "ServerTransport", "..\Core\Transports\ServerTransport\ServerTransport.csproj", "{E2FDB466-88D3-43A2-B840-84634613CBF5}"
EndProject
Project("{9A19103F-16F7-4668-BE54-9A1E7A4F7556}") = "Objects.Revit", "..\Objects\Objects.Revit\Objects.Revit.csproj", "{57302043-7C73-4667-9500-70CFED53B197}"
EndProject
Global
	GlobalSection(SolutionConfigurationPlatforms) = preSolution
		Debug|Any CPU = Debug|Any CPU
		Debug|x64 = Debug|x64
		Debug2019|Any CPU = Debug2019|Any CPU
		Debug2019|x64 = Debug2019|x64
		Debug2020|Any CPU = Debug2020|Any CPU
		Debug2020|x64 = Debug2020|x64
		Debug2021|Any CPU = Debug2021|Any CPU
		Debug2021|x64 = Debug2021|x64
		Release|Any CPU = Release|Any CPU
		Release|x64 = Release|x64
		Release2019|Any CPU = Release2019|Any CPU
		Release2019|x64 = Release2019|x64
		Release2020|Any CPU = Release2020|Any CPU
		Release2020|x64 = Release2020|x64
		Release2021|Any CPU = Release2021|Any CPU
		Release2021|x64 = Release2021|x64
	EndGlobalSection
	GlobalSection(ProjectConfigurationPlatforms) = postSolution
		{27A79ACA-7EA8-4406-8BB8-216578CC3AB7}.Debug|Any CPU.ActiveCfg = Debug2021|Any CPU
		{27A79ACA-7EA8-4406-8BB8-216578CC3AB7}.Debug|Any CPU.Build.0 = Debug2021|Any CPU
		{27A79ACA-7EA8-4406-8BB8-216578CC3AB7}.Debug|x64.ActiveCfg = Debug2021|Any CPU
		{27A79ACA-7EA8-4406-8BB8-216578CC3AB7}.Debug|x64.Build.0 = Debug2021|Any CPU
		{27A79ACA-7EA8-4406-8BB8-216578CC3AB7}.Debug2019|Any CPU.ActiveCfg = Debug2019|Any CPU
		{27A79ACA-7EA8-4406-8BB8-216578CC3AB7}.Debug2019|Any CPU.Build.0 = Debug2019|Any CPU
		{27A79ACA-7EA8-4406-8BB8-216578CC3AB7}.Debug2019|x64.ActiveCfg = Debug2019|Any CPU
		{27A79ACA-7EA8-4406-8BB8-216578CC3AB7}.Debug2019|x64.Build.0 = Debug2019|Any CPU
		{27A79ACA-7EA8-4406-8BB8-216578CC3AB7}.Debug2020|Any CPU.ActiveCfg = Debug2020|Any CPU
		{27A79ACA-7EA8-4406-8BB8-216578CC3AB7}.Debug2020|Any CPU.Build.0 = Debug2020|Any CPU
		{27A79ACA-7EA8-4406-8BB8-216578CC3AB7}.Debug2020|x64.ActiveCfg = Debug2020|Any CPU
		{27A79ACA-7EA8-4406-8BB8-216578CC3AB7}.Debug2020|x64.Build.0 = Debug2020|Any CPU
		{27A79ACA-7EA8-4406-8BB8-216578CC3AB7}.Debug2021|Any CPU.ActiveCfg = Debug2021|Any CPU
		{27A79ACA-7EA8-4406-8BB8-216578CC3AB7}.Debug2021|Any CPU.Build.0 = Debug2021|Any CPU
		{27A79ACA-7EA8-4406-8BB8-216578CC3AB7}.Debug2021|x64.ActiveCfg = Debug2021|Any CPU
		{27A79ACA-7EA8-4406-8BB8-216578CC3AB7}.Debug2021|x64.Build.0 = Debug2021|Any CPU
		{27A79ACA-7EA8-4406-8BB8-216578CC3AB7}.Release|Any CPU.ActiveCfg = Release2021|Any CPU
		{27A79ACA-7EA8-4406-8BB8-216578CC3AB7}.Release|Any CPU.Build.0 = Release2021|Any CPU
		{27A79ACA-7EA8-4406-8BB8-216578CC3AB7}.Release|x64.ActiveCfg = Release2021|Any CPU
		{27A79ACA-7EA8-4406-8BB8-216578CC3AB7}.Release|x64.Build.0 = Release2021|Any CPU
		{27A79ACA-7EA8-4406-8BB8-216578CC3AB7}.Release2019|Any CPU.ActiveCfg = Release2019|Any CPU
		{27A79ACA-7EA8-4406-8BB8-216578CC3AB7}.Release2019|Any CPU.Build.0 = Release2019|Any CPU
		{27A79ACA-7EA8-4406-8BB8-216578CC3AB7}.Release2019|x64.ActiveCfg = Release2019|Any CPU
		{27A79ACA-7EA8-4406-8BB8-216578CC3AB7}.Release2019|x64.Build.0 = Release2019|Any CPU
		{27A79ACA-7EA8-4406-8BB8-216578CC3AB7}.Release2020|Any CPU.ActiveCfg = Release2020|Any CPU
		{27A79ACA-7EA8-4406-8BB8-216578CC3AB7}.Release2020|Any CPU.Build.0 = Release2020|Any CPU
		{27A79ACA-7EA8-4406-8BB8-216578CC3AB7}.Release2020|x64.ActiveCfg = Release2020|Any CPU
		{27A79ACA-7EA8-4406-8BB8-216578CC3AB7}.Release2020|x64.Build.0 = Release2020|Any CPU
		{27A79ACA-7EA8-4406-8BB8-216578CC3AB7}.Release2021|Any CPU.ActiveCfg = Release2021|Any CPU
		{27A79ACA-7EA8-4406-8BB8-216578CC3AB7}.Release2021|Any CPU.Build.0 = Release2021|Any CPU
		{27A79ACA-7EA8-4406-8BB8-216578CC3AB7}.Release2021|x64.ActiveCfg = Release2021|Any CPU
		{27A79ACA-7EA8-4406-8BB8-216578CC3AB7}.Release2021|x64.Build.0 = Release2021|Any CPU
		{A97C3046-2D55-4C49-AB40-A3C2194B82FA}.Debug|Any CPU.ActiveCfg = Debug|Any CPU
		{A97C3046-2D55-4C49-AB40-A3C2194B82FA}.Debug|Any CPU.Build.0 = Debug|Any CPU
		{A97C3046-2D55-4C49-AB40-A3C2194B82FA}.Debug|x64.ActiveCfg = Debug|x64
		{A97C3046-2D55-4C49-AB40-A3C2194B82FA}.Debug|x64.Build.0 = Debug|x64
		{A97C3046-2D55-4C49-AB40-A3C2194B82FA}.Debug2019|Any CPU.ActiveCfg = Debug|Any CPU
		{A97C3046-2D55-4C49-AB40-A3C2194B82FA}.Debug2019|Any CPU.Build.0 = Debug|Any CPU
		{A97C3046-2D55-4C49-AB40-A3C2194B82FA}.Debug2019|x64.ActiveCfg = Debug|x64
		{A97C3046-2D55-4C49-AB40-A3C2194B82FA}.Debug2019|x64.Build.0 = Debug|x64
		{A97C3046-2D55-4C49-AB40-A3C2194B82FA}.Debug2020|Any CPU.ActiveCfg = Debug|Any CPU
		{A97C3046-2D55-4C49-AB40-A3C2194B82FA}.Debug2020|Any CPU.Build.0 = Debug|Any CPU
		{A97C3046-2D55-4C49-AB40-A3C2194B82FA}.Debug2020|x64.ActiveCfg = Debug|x64
		{A97C3046-2D55-4C49-AB40-A3C2194B82FA}.Debug2020|x64.Build.0 = Debug|x64
		{A97C3046-2D55-4C49-AB40-A3C2194B82FA}.Debug2021|Any CPU.ActiveCfg = Debug|Any CPU
		{A97C3046-2D55-4C49-AB40-A3C2194B82FA}.Debug2021|Any CPU.Build.0 = Debug|Any CPU
		{A97C3046-2D55-4C49-AB40-A3C2194B82FA}.Debug2021|x64.ActiveCfg = Debug|x64
		{A97C3046-2D55-4C49-AB40-A3C2194B82FA}.Debug2021|x64.Build.0 = Debug|x64
		{A97C3046-2D55-4C49-AB40-A3C2194B82FA}.Release|Any CPU.ActiveCfg = Release|Any CPU
		{A97C3046-2D55-4C49-AB40-A3C2194B82FA}.Release|Any CPU.Build.0 = Release|Any CPU
		{A97C3046-2D55-4C49-AB40-A3C2194B82FA}.Release|x64.ActiveCfg = Release|x64
		{A97C3046-2D55-4C49-AB40-A3C2194B82FA}.Release|x64.Build.0 = Release|x64
		{A97C3046-2D55-4C49-AB40-A3C2194B82FA}.Release2019|Any CPU.ActiveCfg = Release|Any CPU
		{A97C3046-2D55-4C49-AB40-A3C2194B82FA}.Release2019|Any CPU.Build.0 = Release|Any CPU
		{A97C3046-2D55-4C49-AB40-A3C2194B82FA}.Release2019|x64.ActiveCfg = Release|x64
		{A97C3046-2D55-4C49-AB40-A3C2194B82FA}.Release2019|x64.Build.0 = Release|x64
		{A97C3046-2D55-4C49-AB40-A3C2194B82FA}.Release2020|Any CPU.ActiveCfg = Release|Any CPU
		{A97C3046-2D55-4C49-AB40-A3C2194B82FA}.Release2020|Any CPU.Build.0 = Release|Any CPU
		{A97C3046-2D55-4C49-AB40-A3C2194B82FA}.Release2020|x64.ActiveCfg = Release|x64
		{A97C3046-2D55-4C49-AB40-A3C2194B82FA}.Release2020|x64.Build.0 = Release|x64
		{A97C3046-2D55-4C49-AB40-A3C2194B82FA}.Release2021|Any CPU.ActiveCfg = Release|Any CPU
		{A97C3046-2D55-4C49-AB40-A3C2194B82FA}.Release2021|Any CPU.Build.0 = Release|Any CPU
		{A97C3046-2D55-4C49-AB40-A3C2194B82FA}.Release2021|x64.ActiveCfg = Release|x64
		{A97C3046-2D55-4C49-AB40-A3C2194B82FA}.Release2021|x64.Build.0 = Release|x64
		{521D4AEE-08CF-4913-BBE8-5511D176D126}.Debug|Any CPU.ActiveCfg = Debug|Any CPU
		{521D4AEE-08CF-4913-BBE8-5511D176D126}.Debug|Any CPU.Build.0 = Debug|Any CPU
		{521D4AEE-08CF-4913-BBE8-5511D176D126}.Debug|x64.ActiveCfg = Debug|Any CPU
		{521D4AEE-08CF-4913-BBE8-5511D176D126}.Debug|x64.Build.0 = Debug|Any CPU
		{521D4AEE-08CF-4913-BBE8-5511D176D126}.Debug2019|Any CPU.ActiveCfg = Debug|Any CPU
		{521D4AEE-08CF-4913-BBE8-5511D176D126}.Debug2019|Any CPU.Build.0 = Debug|Any CPU
		{521D4AEE-08CF-4913-BBE8-5511D176D126}.Debug2019|x64.ActiveCfg = Debug|Any CPU
		{521D4AEE-08CF-4913-BBE8-5511D176D126}.Debug2019|x64.Build.0 = Debug|Any CPU
		{521D4AEE-08CF-4913-BBE8-5511D176D126}.Debug2020|Any CPU.ActiveCfg = Debug|Any CPU
		{521D4AEE-08CF-4913-BBE8-5511D176D126}.Debug2020|Any CPU.Build.0 = Debug|Any CPU
		{521D4AEE-08CF-4913-BBE8-5511D176D126}.Debug2020|x64.ActiveCfg = Debug|Any CPU
		{521D4AEE-08CF-4913-BBE8-5511D176D126}.Debug2020|x64.Build.0 = Debug|Any CPU
		{521D4AEE-08CF-4913-BBE8-5511D176D126}.Debug2021|Any CPU.ActiveCfg = Debug|Any CPU
		{521D4AEE-08CF-4913-BBE8-5511D176D126}.Debug2021|Any CPU.Build.0 = Debug|Any CPU
		{521D4AEE-08CF-4913-BBE8-5511D176D126}.Debug2021|x64.ActiveCfg = Debug|Any CPU
		{521D4AEE-08CF-4913-BBE8-5511D176D126}.Debug2021|x64.Build.0 = Debug|Any CPU
		{521D4AEE-08CF-4913-BBE8-5511D176D126}.Release|Any CPU.ActiveCfg = Release|Any CPU
		{521D4AEE-08CF-4913-BBE8-5511D176D126}.Release|Any CPU.Build.0 = Release|Any CPU
		{521D4AEE-08CF-4913-BBE8-5511D176D126}.Release|x64.ActiveCfg = Release|Any CPU
		{521D4AEE-08CF-4913-BBE8-5511D176D126}.Release|x64.Build.0 = Release|Any CPU
		{521D4AEE-08CF-4913-BBE8-5511D176D126}.Release2019|Any CPU.ActiveCfg = Release|Any CPU
		{521D4AEE-08CF-4913-BBE8-5511D176D126}.Release2019|Any CPU.Build.0 = Release|Any CPU
		{521D4AEE-08CF-4913-BBE8-5511D176D126}.Release2019|x64.ActiveCfg = Release|Any CPU
		{521D4AEE-08CF-4913-BBE8-5511D176D126}.Release2019|x64.Build.0 = Release|Any CPU
		{521D4AEE-08CF-4913-BBE8-5511D176D126}.Release2020|Any CPU.ActiveCfg = Release|Any CPU
		{521D4AEE-08CF-4913-BBE8-5511D176D126}.Release2020|Any CPU.Build.0 = Release|Any CPU
		{521D4AEE-08CF-4913-BBE8-5511D176D126}.Release2020|x64.ActiveCfg = Release|Any CPU
		{521D4AEE-08CF-4913-BBE8-5511D176D126}.Release2020|x64.Build.0 = Release|Any CPU
		{521D4AEE-08CF-4913-BBE8-5511D176D126}.Release2021|Any CPU.ActiveCfg = Release|Any CPU
		{521D4AEE-08CF-4913-BBE8-5511D176D126}.Release2021|Any CPU.Build.0 = Release|Any CPU
		{521D4AEE-08CF-4913-BBE8-5511D176D126}.Release2021|x64.ActiveCfg = Release|Any CPU
		{521D4AEE-08CF-4913-BBE8-5511D176D126}.Release2021|x64.Build.0 = Release|Any CPU
		{BE852BE3-37B8-4B62-AC2C-0872C41A2542}.Debug|Any CPU.ActiveCfg = Debug|Any CPU
		{BE852BE3-37B8-4B62-AC2C-0872C41A2542}.Debug|Any CPU.Build.0 = Debug|Any CPU
		{BE852BE3-37B8-4B62-AC2C-0872C41A2542}.Debug|x64.ActiveCfg = Debug|Any CPU
		{BE852BE3-37B8-4B62-AC2C-0872C41A2542}.Debug|x64.Build.0 = Debug|Any CPU
		{BE852BE3-37B8-4B62-AC2C-0872C41A2542}.Debug2019|Any CPU.ActiveCfg = Debug|Any CPU
		{BE852BE3-37B8-4B62-AC2C-0872C41A2542}.Debug2019|Any CPU.Build.0 = Debug|Any CPU
		{BE852BE3-37B8-4B62-AC2C-0872C41A2542}.Debug2019|x64.ActiveCfg = Debug|Any CPU
		{BE852BE3-37B8-4B62-AC2C-0872C41A2542}.Debug2019|x64.Build.0 = Debug|Any CPU
		{BE852BE3-37B8-4B62-AC2C-0872C41A2542}.Debug2020|Any CPU.ActiveCfg = Debug|Any CPU
		{BE852BE3-37B8-4B62-AC2C-0872C41A2542}.Debug2020|Any CPU.Build.0 = Debug|Any CPU
		{BE852BE3-37B8-4B62-AC2C-0872C41A2542}.Debug2020|x64.ActiveCfg = Debug|Any CPU
		{BE852BE3-37B8-4B62-AC2C-0872C41A2542}.Debug2020|x64.Build.0 = Debug|Any CPU
		{BE852BE3-37B8-4B62-AC2C-0872C41A2542}.Debug2021|Any CPU.ActiveCfg = Debug|Any CPU
		{BE852BE3-37B8-4B62-AC2C-0872C41A2542}.Debug2021|Any CPU.Build.0 = Debug|Any CPU
		{BE852BE3-37B8-4B62-AC2C-0872C41A2542}.Debug2021|x64.ActiveCfg = Debug|Any CPU
		{BE852BE3-37B8-4B62-AC2C-0872C41A2542}.Debug2021|x64.Build.0 = Debug|Any CPU
		{BE852BE3-37B8-4B62-AC2C-0872C41A2542}.Release|Any CPU.ActiveCfg = Release|Any CPU
		{BE852BE3-37B8-4B62-AC2C-0872C41A2542}.Release|Any CPU.Build.0 = Release|Any CPU
		{BE852BE3-37B8-4B62-AC2C-0872C41A2542}.Release|x64.ActiveCfg = Release|Any CPU
		{BE852BE3-37B8-4B62-AC2C-0872C41A2542}.Release|x64.Build.0 = Release|Any CPU
		{BE852BE3-37B8-4B62-AC2C-0872C41A2542}.Release2019|Any CPU.ActiveCfg = Release|Any CPU
		{BE852BE3-37B8-4B62-AC2C-0872C41A2542}.Release2019|Any CPU.Build.0 = Release|Any CPU
		{BE852BE3-37B8-4B62-AC2C-0872C41A2542}.Release2019|x64.ActiveCfg = Release|Any CPU
		{BE852BE3-37B8-4B62-AC2C-0872C41A2542}.Release2019|x64.Build.0 = Release|Any CPU
		{BE852BE3-37B8-4B62-AC2C-0872C41A2542}.Release2020|Any CPU.ActiveCfg = Release|Any CPU
		{BE852BE3-37B8-4B62-AC2C-0872C41A2542}.Release2020|Any CPU.Build.0 = Release|Any CPU
		{BE852BE3-37B8-4B62-AC2C-0872C41A2542}.Release2020|x64.ActiveCfg = Release|Any CPU
		{BE852BE3-37B8-4B62-AC2C-0872C41A2542}.Release2020|x64.Build.0 = Release|Any CPU
		{BE852BE3-37B8-4B62-AC2C-0872C41A2542}.Release2021|Any CPU.ActiveCfg = Release|Any CPU
		{BE852BE3-37B8-4B62-AC2C-0872C41A2542}.Release2021|Any CPU.Build.0 = Release|Any CPU
		{BE852BE3-37B8-4B62-AC2C-0872C41A2542}.Release2021|x64.ActiveCfg = Release|Any CPU
		{BE852BE3-37B8-4B62-AC2C-0872C41A2542}.Release2021|x64.Build.0 = Release|Any CPU
		{F42583AF-21F0-4235-8D38-02CB1BA0E058}.Debug|Any CPU.ActiveCfg = Debug|Any CPU
		{F42583AF-21F0-4235-8D38-02CB1BA0E058}.Debug|Any CPU.Build.0 = Debug|Any CPU
		{F42583AF-21F0-4235-8D38-02CB1BA0E058}.Debug|x64.ActiveCfg = Debug|Any CPU
		{F42583AF-21F0-4235-8D38-02CB1BA0E058}.Debug|x64.Build.0 = Debug|Any CPU
		{F42583AF-21F0-4235-8D38-02CB1BA0E058}.Debug2019|Any CPU.ActiveCfg = Debug|Any CPU
		{F42583AF-21F0-4235-8D38-02CB1BA0E058}.Debug2019|Any CPU.Build.0 = Debug|Any CPU
		{F42583AF-21F0-4235-8D38-02CB1BA0E058}.Debug2019|x64.ActiveCfg = Debug|Any CPU
		{F42583AF-21F0-4235-8D38-02CB1BA0E058}.Debug2019|x64.Build.0 = Debug|Any CPU
		{F42583AF-21F0-4235-8D38-02CB1BA0E058}.Debug2020|Any CPU.ActiveCfg = Debug|Any CPU
		{F42583AF-21F0-4235-8D38-02CB1BA0E058}.Debug2020|Any CPU.Build.0 = Debug|Any CPU
		{F42583AF-21F0-4235-8D38-02CB1BA0E058}.Debug2020|x64.ActiveCfg = Debug|Any CPU
		{F42583AF-21F0-4235-8D38-02CB1BA0E058}.Debug2020|x64.Build.0 = Debug|Any CPU
		{F42583AF-21F0-4235-8D38-02CB1BA0E058}.Debug2021|Any CPU.ActiveCfg = Debug|Any CPU
		{F42583AF-21F0-4235-8D38-02CB1BA0E058}.Debug2021|Any CPU.Build.0 = Debug|Any CPU
		{F42583AF-21F0-4235-8D38-02CB1BA0E058}.Debug2021|x64.ActiveCfg = Debug|Any CPU
		{F42583AF-21F0-4235-8D38-02CB1BA0E058}.Debug2021|x64.Build.0 = Debug|Any CPU
		{F42583AF-21F0-4235-8D38-02CB1BA0E058}.Release|Any CPU.ActiveCfg = Release|Any CPU
		{F42583AF-21F0-4235-8D38-02CB1BA0E058}.Release|Any CPU.Build.0 = Release|Any CPU
		{F42583AF-21F0-4235-8D38-02CB1BA0E058}.Release|x64.ActiveCfg = Release|Any CPU
		{F42583AF-21F0-4235-8D38-02CB1BA0E058}.Release|x64.Build.0 = Release|Any CPU
		{F42583AF-21F0-4235-8D38-02CB1BA0E058}.Release2019|Any CPU.ActiveCfg = Release|Any CPU
		{F42583AF-21F0-4235-8D38-02CB1BA0E058}.Release2019|Any CPU.Build.0 = Release|Any CPU
		{F42583AF-21F0-4235-8D38-02CB1BA0E058}.Release2019|x64.ActiveCfg = Release|Any CPU
		{F42583AF-21F0-4235-8D38-02CB1BA0E058}.Release2019|x64.Build.0 = Release|Any CPU
		{F42583AF-21F0-4235-8D38-02CB1BA0E058}.Release2020|Any CPU.ActiveCfg = Release|Any CPU
		{F42583AF-21F0-4235-8D38-02CB1BA0E058}.Release2020|Any CPU.Build.0 = Release|Any CPU
		{F42583AF-21F0-4235-8D38-02CB1BA0E058}.Release2020|x64.ActiveCfg = Release|Any CPU
		{F42583AF-21F0-4235-8D38-02CB1BA0E058}.Release2020|x64.Build.0 = Release|Any CPU
		{F42583AF-21F0-4235-8D38-02CB1BA0E058}.Release2021|Any CPU.ActiveCfg = Release|Any CPU
		{F42583AF-21F0-4235-8D38-02CB1BA0E058}.Release2021|Any CPU.Build.0 = Release|Any CPU
		{F42583AF-21F0-4235-8D38-02CB1BA0E058}.Release2021|x64.ActiveCfg = Release|Any CPU
		{F42583AF-21F0-4235-8D38-02CB1BA0E058}.Release2021|x64.Build.0 = Release|Any CPU
		{E2FDB466-88D3-43A2-B840-84634613CBF5}.Debug|Any CPU.ActiveCfg = Debug|Any CPU
		{E2FDB466-88D3-43A2-B840-84634613CBF5}.Debug|Any CPU.Build.0 = Debug|Any CPU
		{E2FDB466-88D3-43A2-B840-84634613CBF5}.Debug|x64.ActiveCfg = Debug|Any CPU
		{E2FDB466-88D3-43A2-B840-84634613CBF5}.Debug|x64.Build.0 = Debug|Any CPU
		{E2FDB466-88D3-43A2-B840-84634613CBF5}.Debug2019|Any CPU.ActiveCfg = Debug|Any CPU
		{E2FDB466-88D3-43A2-B840-84634613CBF5}.Debug2019|Any CPU.Build.0 = Debug|Any CPU
		{E2FDB466-88D3-43A2-B840-84634613CBF5}.Debug2019|x64.ActiveCfg = Debug|Any CPU
		{E2FDB466-88D3-43A2-B840-84634613CBF5}.Debug2019|x64.Build.0 = Debug|Any CPU
		{E2FDB466-88D3-43A2-B840-84634613CBF5}.Debug2020|Any CPU.ActiveCfg = Debug|Any CPU
		{E2FDB466-88D3-43A2-B840-84634613CBF5}.Debug2020|Any CPU.Build.0 = Debug|Any CPU
		{E2FDB466-88D3-43A2-B840-84634613CBF5}.Debug2020|x64.ActiveCfg = Debug|Any CPU
		{E2FDB466-88D3-43A2-B840-84634613CBF5}.Debug2020|x64.Build.0 = Debug|Any CPU
		{E2FDB466-88D3-43A2-B840-84634613CBF5}.Debug2021|Any CPU.ActiveCfg = Debug|Any CPU
		{E2FDB466-88D3-43A2-B840-84634613CBF5}.Debug2021|Any CPU.Build.0 = Debug|Any CPU
		{E2FDB466-88D3-43A2-B840-84634613CBF5}.Debug2021|x64.ActiveCfg = Debug|Any CPU
		{E2FDB466-88D3-43A2-B840-84634613CBF5}.Debug2021|x64.Build.0 = Debug|Any CPU
		{E2FDB466-88D3-43A2-B840-84634613CBF5}.Release|Any CPU.ActiveCfg = Release|Any CPU
		{E2FDB466-88D3-43A2-B840-84634613CBF5}.Release|Any CPU.Build.0 = Release|Any CPU
		{E2FDB466-88D3-43A2-B840-84634613CBF5}.Release|x64.ActiveCfg = Release|Any CPU
		{E2FDB466-88D3-43A2-B840-84634613CBF5}.Release|x64.Build.0 = Release|Any CPU
		{E2FDB466-88D3-43A2-B840-84634613CBF5}.Release2019|Any CPU.ActiveCfg = Debug|Any CPU
		{E2FDB466-88D3-43A2-B840-84634613CBF5}.Release2019|Any CPU.Build.0 = Debug|Any CPU
		{E2FDB466-88D3-43A2-B840-84634613CBF5}.Release2019|x64.ActiveCfg = Debug|Any CPU
		{E2FDB466-88D3-43A2-B840-84634613CBF5}.Release2019|x64.Build.0 = Debug|Any CPU
		{E2FDB466-88D3-43A2-B840-84634613CBF5}.Release2020|Any CPU.ActiveCfg = Debug|Any CPU
		{E2FDB466-88D3-43A2-B840-84634613CBF5}.Release2020|Any CPU.Build.0 = Debug|Any CPU
		{E2FDB466-88D3-43A2-B840-84634613CBF5}.Release2020|x64.ActiveCfg = Debug|Any CPU
		{E2FDB466-88D3-43A2-B840-84634613CBF5}.Release2020|x64.Build.0 = Debug|Any CPU
		{E2FDB466-88D3-43A2-B840-84634613CBF5}.Release2021|Any CPU.ActiveCfg = Debug|Any CPU
		{E2FDB466-88D3-43A2-B840-84634613CBF5}.Release2021|Any CPU.Build.0 = Debug|Any CPU
		{E2FDB466-88D3-43A2-B840-84634613CBF5}.Release2021|x64.ActiveCfg = Debug|Any CPU
		{E2FDB466-88D3-43A2-B840-84634613CBF5}.Release2021|x64.Build.0 = Debug|Any CPU
		{57302043-7C73-4667-9500-70CFED53B197}.Debug|Any CPU.ActiveCfg = Debug|Any CPU
		{57302043-7C73-4667-9500-70CFED53B197}.Debug|Any CPU.Build.0 = Debug|Any CPU
		{57302043-7C73-4667-9500-70CFED53B197}.Debug|x64.ActiveCfg = Debug|Any CPU
		{57302043-7C73-4667-9500-70CFED53B197}.Debug|x64.Build.0 = Debug|Any CPU
		{57302043-7C73-4667-9500-70CFED53B197}.Debug2019|Any CPU.ActiveCfg = Debug|Any CPU
		{57302043-7C73-4667-9500-70CFED53B197}.Debug2019|Any CPU.Build.0 = Debug|Any CPU
		{57302043-7C73-4667-9500-70CFED53B197}.Debug2019|x64.ActiveCfg = Debug|Any CPU
		{57302043-7C73-4667-9500-70CFED53B197}.Debug2019|x64.Build.0 = Debug|Any CPU
		{57302043-7C73-4667-9500-70CFED53B197}.Debug2020|Any CPU.ActiveCfg = Debug|Any CPU
		{57302043-7C73-4667-9500-70CFED53B197}.Debug2020|Any CPU.Build.0 = Debug|Any CPU
		{57302043-7C73-4667-9500-70CFED53B197}.Debug2020|x64.ActiveCfg = Debug|Any CPU
		{57302043-7C73-4667-9500-70CFED53B197}.Debug2020|x64.Build.0 = Debug|Any CPU
		{57302043-7C73-4667-9500-70CFED53B197}.Debug2021|Any CPU.ActiveCfg = Debug|Any CPU
		{57302043-7C73-4667-9500-70CFED53B197}.Debug2021|Any CPU.Build.0 = Debug|Any CPU
		{57302043-7C73-4667-9500-70CFED53B197}.Debug2021|x64.ActiveCfg = Debug|Any CPU
		{57302043-7C73-4667-9500-70CFED53B197}.Debug2021|x64.Build.0 = Debug|Any CPU
		{57302043-7C73-4667-9500-70CFED53B197}.Release|Any CPU.ActiveCfg = Release|Any CPU
		{57302043-7C73-4667-9500-70CFED53B197}.Release|Any CPU.Build.0 = Release|Any CPU
		{57302043-7C73-4667-9500-70CFED53B197}.Release|x64.ActiveCfg = Release|Any CPU
		{57302043-7C73-4667-9500-70CFED53B197}.Release|x64.Build.0 = Release|Any CPU
		{57302043-7C73-4667-9500-70CFED53B197}.Release2019|Any CPU.ActiveCfg = Release|Any CPU
		{57302043-7C73-4667-9500-70CFED53B197}.Release2019|Any CPU.Build.0 = Release|Any CPU
		{57302043-7C73-4667-9500-70CFED53B197}.Release2019|x64.ActiveCfg = Release|Any CPU
		{57302043-7C73-4667-9500-70CFED53B197}.Release2019|x64.Build.0 = Release|Any CPU
		{57302043-7C73-4667-9500-70CFED53B197}.Release2020|Any CPU.ActiveCfg = Release|Any CPU
		{57302043-7C73-4667-9500-70CFED53B197}.Release2020|Any CPU.Build.0 = Release|Any CPU
		{57302043-7C73-4667-9500-70CFED53B197}.Release2020|x64.ActiveCfg = Release|Any CPU
		{57302043-7C73-4667-9500-70CFED53B197}.Release2020|x64.Build.0 = Release|Any CPU
		{57302043-7C73-4667-9500-70CFED53B197}.Release2021|Any CPU.ActiveCfg = Release|Any CPU
		{57302043-7C73-4667-9500-70CFED53B197}.Release2021|Any CPU.Build.0 = Release|Any CPU
		{57302043-7C73-4667-9500-70CFED53B197}.Release2021|x64.ActiveCfg = Release|Any CPU
		{57302043-7C73-4667-9500-70CFED53B197}.Release2021|x64.Build.0 = Release|Any CPU
	EndGlobalSection
	GlobalSection(SolutionProperties) = preSolution
		HideSolutionNode = FALSE
	EndGlobalSection
	GlobalSection(NestedProjects) = preSolution
		{A97C3046-2D55-4C49-AB40-A3C2194B82FA} = {39F07EF9-5867-4062-886D-2417C86305C2}
		{521D4AEE-08CF-4913-BBE8-5511D176D126} = {39F07EF9-5867-4062-886D-2417C86305C2}
		{BE852BE3-37B8-4B62-AC2C-0872C41A2542} = {39F07EF9-5867-4062-886D-2417C86305C2}
		{F42583AF-21F0-4235-8D38-02CB1BA0E058} = {39F07EF9-5867-4062-886D-2417C86305C2}
		{E2FDB466-88D3-43A2-B840-84634613CBF5} = {39F07EF9-5867-4062-886D-2417C86305C2}
		{57302043-7C73-4667-9500-70CFED53B197} = {39F07EF9-5867-4062-886D-2417C86305C2}
	EndGlobalSection
	GlobalSection(ExtensibilityGlobals) = postSolution
		SolutionGuid = {650BE642-C7CC-4FF5-9EE5-8C57BF553143}
	EndGlobalSection
EndGlobal
