
Microsoft Visual Studio Solution File, Format Version 12.00
# Visual Studio Version 16
VisualStudioVersion = 16.0.31624.102
MinimumVisualStudioVersion = 10.0.40219.1
Project("{FAE04EC0-301F-11D3-BF4B-00C04F79EFBC}") = "ConnectorETABSv18", "ConnectorETABSv18\ConnectorETABSv18.csproj", "{CC1F6133-9DD5-437C-AB23-380AD00267A2}"
	ProjectSection(ProjectDependencies) = postProject
		{53C96DB6-C3CB-4F95-87F2-EE593D436B8F} = {53C96DB6-C3CB-4F95-87F2-EE593D436B8F}
	EndProjectSection
EndProject
Project("{2150E333-8FDC-42A3-9474-1A3956D46DE8}") = "Local Dependencies", "Local Dependencies", "{8E8370E0-3112-4B42-AB96-A487BA00A87A}"
	ProjectSection(SolutionItems) = preProject
		..\Objects\Converters\ConverterETABS\ConverterETABSShared\Partial Classes\Properties\.editorconfig = ..\Objects\Converters\ConverterETABS\ConverterETABSShared\Partial Classes\Properties\.editorconfig
	EndProjectSection
EndProject
Project("{9A19103F-16F7-4668-BE54-9A1E7A4F7556}") = "Core", "..\Core\Core\Core.csproj", "{C1D58C0E-702F-45F7-8B04-7ACA00966809}"
EndProject
Project("{9A19103F-16F7-4668-BE54-9A1E7A4F7556}") = "Objects", "..\Objects\Objects\Objects.csproj", "{58BEE488-6B32-4B54-93BB-A9FCB04C5A48}"
EndProject
Project("{2150E333-8FDC-42A3-9474-1A3956D46DE8}") = "ConverterETABS", "ConverterETABS", "{91E06A7D-241A-4819-B53E-8FB5D81E707B}"
EndProject
Project("{9A19103F-16F7-4668-BE54-9A1E7A4F7556}") = "ConverterETABSv18", "..\Objects\Converters\ConverterETABS\ConverterETABSv18\ConverterETABSv18.csproj", "{53C96DB6-C3CB-4F95-87F2-EE593D436B8F}"
EndProject
Project("{D954291E-2A0B-460D-934E-DC6B0785DB48}") = "ConverterETABSShared", "..\Objects\Converters\ConverterETABS\ConverterETABSShared\ConverterETABSShared.shproj", "{7F5A5E2B-D74F-483D-8983-97DC049C6D28}"
EndProject
Project("{D954291E-2A0B-460D-934E-DC6B0785DB48}") = "ConnectorETABSShared", "ConnectorETABS\ConnectorETABSShared.shproj", "{1C661822-4524-4FAA-97F2-B5AAB9F9ECC4}"
EndProject
Project("{9A19103F-16F7-4668-BE54-9A1E7A4F7556}") = "PolygonMesher", "..\Objects\Converters\StructuralUtilities\PolygonMesher\PolygonMesher.csproj", "{6185B1A1-0A12-44B1-8AC5-0ED48147FB21}"
EndProject
Project("{9A19103F-16F7-4668-BE54-9A1E7A4F7556}") = "ConverterETABSv19", "..\Objects\Converters\ConverterETABS\ConverterETABSv19\ConverterETABSv19.csproj", "{8A1EC8F0-58D4-4464-9AC8-9E8B973696D1}"
EndProject
Project("{9A19103F-16F7-4668-BE54-9A1E7A4F7556}") = "DesktopUI2", "..\DesktopUI2\DesktopUI2\DesktopUI2.csproj", "{B5D2B524-39B5-45E8-AF44-D4E9BE2DC45C}"
EndProject
Project("{FAE04EC0-301F-11D3-BF4B-00C04F79EFBC}") = "ConnectorETABSv19", "ConnectorETABSv19\ConnectorETABSv19.csproj", "{5EB09853-934A-43E1-8E29-AB5EDCBC2B88}"
EndProject
Project("{9A19103F-16F7-4668-BE54-9A1E7A4F7556}") = "ConverterETABSTests", "ConverterETABSTests\ConverterETABSTests.csproj", "{C3159E96-9B5F-4FAD-AE1A-92B3D90C88D6}"
EndProject
Project("{2150E333-8FDC-42A3-9474-1A3956D46DE8}") = "Solution Items", "Solution Items", "{38BDF76A-DE08-4B2F-A677-6F4A93BEDDB2}"
	ProjectSection(SolutionItems) = preProject
		.editorconfig = .editorconfig
	EndProjectSection
EndProject
Global
	GlobalSection(SharedMSBuildProjectFiles) = preSolution
		ConnectorETABS\ConnectorETABSShared.projitems*{1c661822-4524-4faa-97f2-b5aab9f9ecc4}*SharedItemsImports = 13
		..\Objects\Converters\ConverterETABS\ConverterETABSShared\ConverterETABSShared.projitems*{53c96db6-c3cb-4f95-87f2-ee593d436b8f}*SharedItemsImports = 5
		ConnectorETABS\ConnectorETABSShared.projitems*{5eb09853-934a-43e1-8e29-ab5edcbc2b88}*SharedItemsImports = 4
		..\Objects\Converters\ConverterETABS\ConverterETABSShared\ConverterETABSShared.projitems*{7f5a5e2b-d74f-483d-8983-97dc049c6d28}*SharedItemsImports = 13
		..\Objects\Converters\ConverterETABS\ConverterETABSShared\ConverterETABSShared.projitems*{8a1ec8f0-58d4-4464-9ac8-9e8b973696d1}*SharedItemsImports = 5
		ConnectorETABS\ConnectorETABSShared.projitems*{cc1f6133-9dd5-437c-ab23-380ad00267a2}*SharedItemsImports = 4
	EndGlobalSection
	GlobalSection(SolutionConfigurationPlatforms) = preSolution
		Debug|Any CPU = Debug|Any CPU
		Debug|x64 = Debug|x64
		Release|Any CPU = Release|Any CPU
		Release|x64 = Release|x64
	EndGlobalSection
	GlobalSection(ProjectConfigurationPlatforms) = postSolution
		{CC1F6133-9DD5-437C-AB23-380AD00267A2}.Debug|Any CPU.ActiveCfg = Debug|Any CPU
		{CC1F6133-9DD5-437C-AB23-380AD00267A2}.Debug|Any CPU.Build.0 = Debug|Any CPU
		{CC1F6133-9DD5-437C-AB23-380AD00267A2}.Debug|x64.ActiveCfg = Debug|Any CPU
		{CC1F6133-9DD5-437C-AB23-380AD00267A2}.Debug|x64.Build.0 = Debug|Any CPU
		{CC1F6133-9DD5-437C-AB23-380AD00267A2}.Release|Any CPU.ActiveCfg = Release|Any CPU
		{CC1F6133-9DD5-437C-AB23-380AD00267A2}.Release|Any CPU.Build.0 = Release|Any CPU
		{CC1F6133-9DD5-437C-AB23-380AD00267A2}.Release|x64.ActiveCfg = Release|Any CPU
		{CC1F6133-9DD5-437C-AB23-380AD00267A2}.Release|x64.Build.0 = Release|Any CPU
		{C1D58C0E-702F-45F7-8B04-7ACA00966809}.Debug|Any CPU.ActiveCfg = Debug|Any CPU
		{C1D58C0E-702F-45F7-8B04-7ACA00966809}.Debug|Any CPU.Build.0 = Debug|Any CPU
		{C1D58C0E-702F-45F7-8B04-7ACA00966809}.Debug|x64.ActiveCfg = Debug|Any CPU
		{C1D58C0E-702F-45F7-8B04-7ACA00966809}.Debug|x64.Build.0 = Debug|Any CPU
		{C1D58C0E-702F-45F7-8B04-7ACA00966809}.Release|Any CPU.ActiveCfg = Release|Any CPU
		{C1D58C0E-702F-45F7-8B04-7ACA00966809}.Release|Any CPU.Build.0 = Release|Any CPU
		{C1D58C0E-702F-45F7-8B04-7ACA00966809}.Release|x64.ActiveCfg = Release|Any CPU
		{C1D58C0E-702F-45F7-8B04-7ACA00966809}.Release|x64.Build.0 = Release|Any CPU
		{58BEE488-6B32-4B54-93BB-A9FCB04C5A48}.Debug|Any CPU.ActiveCfg = Debug|Any CPU
		{58BEE488-6B32-4B54-93BB-A9FCB04C5A48}.Debug|Any CPU.Build.0 = Debug|Any CPU
		{58BEE488-6B32-4B54-93BB-A9FCB04C5A48}.Debug|x64.ActiveCfg = Debug|Any CPU
		{58BEE488-6B32-4B54-93BB-A9FCB04C5A48}.Debug|x64.Build.0 = Debug|Any CPU
		{58BEE488-6B32-4B54-93BB-A9FCB04C5A48}.Release|Any CPU.ActiveCfg = Release|Any CPU
		{58BEE488-6B32-4B54-93BB-A9FCB04C5A48}.Release|Any CPU.Build.0 = Release|Any CPU
		{58BEE488-6B32-4B54-93BB-A9FCB04C5A48}.Release|x64.ActiveCfg = Release|Any CPU
		{58BEE488-6B32-4B54-93BB-A9FCB04C5A48}.Release|x64.Build.0 = Release|Any CPU
		{53C96DB6-C3CB-4F95-87F2-EE593D436B8F}.Debug|Any CPU.ActiveCfg = Debug|Any CPU
		{53C96DB6-C3CB-4F95-87F2-EE593D436B8F}.Debug|Any CPU.Build.0 = Debug|Any CPU
		{53C96DB6-C3CB-4F95-87F2-EE593D436B8F}.Debug|x64.ActiveCfg = Debug|Any CPU
		{53C96DB6-C3CB-4F95-87F2-EE593D436B8F}.Debug|x64.Build.0 = Debug|Any CPU
		{53C96DB6-C3CB-4F95-87F2-EE593D436B8F}.Release|Any CPU.ActiveCfg = Release|Any CPU
		{53C96DB6-C3CB-4F95-87F2-EE593D436B8F}.Release|Any CPU.Build.0 = Release|Any CPU
		{53C96DB6-C3CB-4F95-87F2-EE593D436B8F}.Release|x64.ActiveCfg = Release|Any CPU
		{53C96DB6-C3CB-4F95-87F2-EE593D436B8F}.Release|x64.Build.0 = Release|Any CPU
		{6185B1A1-0A12-44B1-8AC5-0ED48147FB21}.Debug|Any CPU.ActiveCfg = Debug|Any CPU
		{6185B1A1-0A12-44B1-8AC5-0ED48147FB21}.Debug|Any CPU.Build.0 = Debug|Any CPU
		{6185B1A1-0A12-44B1-8AC5-0ED48147FB21}.Debug|x64.ActiveCfg = Debug|Any CPU
		{6185B1A1-0A12-44B1-8AC5-0ED48147FB21}.Debug|x64.Build.0 = Debug|Any CPU
		{6185B1A1-0A12-44B1-8AC5-0ED48147FB21}.Release|Any CPU.ActiveCfg = Release|Any CPU
		{6185B1A1-0A12-44B1-8AC5-0ED48147FB21}.Release|Any CPU.Build.0 = Release|Any CPU
		{6185B1A1-0A12-44B1-8AC5-0ED48147FB21}.Release|x64.ActiveCfg = Release|Any CPU
		{6185B1A1-0A12-44B1-8AC5-0ED48147FB21}.Release|x64.Build.0 = Release|Any CPU
		{8A1EC8F0-58D4-4464-9AC8-9E8B973696D1}.Debug|Any CPU.ActiveCfg = Debug|Any CPU
		{8A1EC8F0-58D4-4464-9AC8-9E8B973696D1}.Debug|Any CPU.Build.0 = Debug|Any CPU
		{8A1EC8F0-58D4-4464-9AC8-9E8B973696D1}.Debug|x64.ActiveCfg = Debug|Any CPU
		{8A1EC8F0-58D4-4464-9AC8-9E8B973696D1}.Debug|x64.Build.0 = Debug|Any CPU
		{8A1EC8F0-58D4-4464-9AC8-9E8B973696D1}.Release|Any CPU.ActiveCfg = Release|Any CPU
		{8A1EC8F0-58D4-4464-9AC8-9E8B973696D1}.Release|Any CPU.Build.0 = Release|Any CPU
		{8A1EC8F0-58D4-4464-9AC8-9E8B973696D1}.Release|x64.ActiveCfg = Release|Any CPU
		{8A1EC8F0-58D4-4464-9AC8-9E8B973696D1}.Release|x64.Build.0 = Release|Any CPU
		{B5D2B524-39B5-45E8-AF44-D4E9BE2DC45C}.Debug|Any CPU.ActiveCfg = Debug|Any CPU
		{B5D2B524-39B5-45E8-AF44-D4E9BE2DC45C}.Debug|Any CPU.Build.0 = Debug|Any CPU
		{B5D2B524-39B5-45E8-AF44-D4E9BE2DC45C}.Debug|x64.ActiveCfg = Debug|Any CPU
		{B5D2B524-39B5-45E8-AF44-D4E9BE2DC45C}.Debug|x64.Build.0 = Debug|Any CPU
		{B5D2B524-39B5-45E8-AF44-D4E9BE2DC45C}.Release|Any CPU.ActiveCfg = Release|Any CPU
		{B5D2B524-39B5-45E8-AF44-D4E9BE2DC45C}.Release|Any CPU.Build.0 = Release|Any CPU
		{B5D2B524-39B5-45E8-AF44-D4E9BE2DC45C}.Release|x64.ActiveCfg = Release|Any CPU
		{B5D2B524-39B5-45E8-AF44-D4E9BE2DC45C}.Release|x64.Build.0 = Release|Any CPU
		{5EB09853-934A-43E1-8E29-AB5EDCBC2B88}.Debug|Any CPU.ActiveCfg = Debug|Any CPU
		{5EB09853-934A-43E1-8E29-AB5EDCBC2B88}.Debug|Any CPU.Build.0 = Debug|Any CPU
		{5EB09853-934A-43E1-8E29-AB5EDCBC2B88}.Debug|x64.ActiveCfg = Debug|Any CPU
		{5EB09853-934A-43E1-8E29-AB5EDCBC2B88}.Debug|x64.Build.0 = Debug|Any CPU
		{5EB09853-934A-43E1-8E29-AB5EDCBC2B88}.Release|Any CPU.ActiveCfg = Release|Any CPU
		{5EB09853-934A-43E1-8E29-AB5EDCBC2B88}.Release|Any CPU.Build.0 = Release|Any CPU
		{5EB09853-934A-43E1-8E29-AB5EDCBC2B88}.Release|x64.ActiveCfg = Release|Any CPU
		{5EB09853-934A-43E1-8E29-AB5EDCBC2B88}.Release|x64.Build.0 = Release|Any CPU
		{C3159E96-9B5F-4FAD-AE1A-92B3D90C88D6}.Debug|Any CPU.ActiveCfg = Debug|Any CPU
		{C3159E96-9B5F-4FAD-AE1A-92B3D90C88D6}.Debug|Any CPU.Build.0 = Debug|Any CPU
		{C3159E96-9B5F-4FAD-AE1A-92B3D90C88D6}.Debug|x64.ActiveCfg = Debug|Any CPU
		{C3159E96-9B5F-4FAD-AE1A-92B3D90C88D6}.Debug|x64.Build.0 = Debug|Any CPU
		{C3159E96-9B5F-4FAD-AE1A-92B3D90C88D6}.Release|Any CPU.ActiveCfg = Release|Any CPU
		{C3159E96-9B5F-4FAD-AE1A-92B3D90C88D6}.Release|Any CPU.Build.0 = Release|Any CPU
		{C3159E96-9B5F-4FAD-AE1A-92B3D90C88D6}.Release|x64.ActiveCfg = Release|Any CPU
		{C3159E96-9B5F-4FAD-AE1A-92B3D90C88D6}.Release|x64.Build.0 = Release|Any CPU
	EndGlobalSection
	GlobalSection(SolutionProperties) = preSolution
		HideSolutionNode = FALSE
	EndGlobalSection
	GlobalSection(NestedProjects) = preSolution
		{C1D58C0E-702F-45F7-8B04-7ACA00966809} = {8E8370E0-3112-4B42-AB96-A487BA00A87A}
		{58BEE488-6B32-4B54-93BB-A9FCB04C5A48} = {8E8370E0-3112-4B42-AB96-A487BA00A87A}
		{91E06A7D-241A-4819-B53E-8FB5D81E707B} = {8E8370E0-3112-4B42-AB96-A487BA00A87A}
		{53C96DB6-C3CB-4F95-87F2-EE593D436B8F} = {91E06A7D-241A-4819-B53E-8FB5D81E707B}
		{7F5A5E2B-D74F-483D-8983-97DC049C6D28} = {91E06A7D-241A-4819-B53E-8FB5D81E707B}
		{6185B1A1-0A12-44B1-8AC5-0ED48147FB21} = {8E8370E0-3112-4B42-AB96-A487BA00A87A}
		{8A1EC8F0-58D4-4464-9AC8-9E8B973696D1} = {91E06A7D-241A-4819-B53E-8FB5D81E707B}
		{B5D2B524-39B5-45E8-AF44-D4E9BE2DC45C} = {8E8370E0-3112-4B42-AB96-A487BA00A87A}
		{C3159E96-9B5F-4FAD-AE1A-92B3D90C88D6} = {91E06A7D-241A-4819-B53E-8FB5D81E707B}
	EndGlobalSection
	GlobalSection(ExtensibilityGlobals) = postSolution
		SolutionGuid = {AC79A8E8-CF5D-483F-BA63-6AD5A10EE7D3}
	EndGlobalSection
EndGlobal
