
Microsoft Visual Studio Solution File, Format Version 12.00
# Visual Studio Version 16
VisualStudioVersion = 16.0.30011.22
MinimumVisualStudioVersion = 10.0.40219.1
Project("{FAE04EC0-301F-11D3-BF4B-00C04F79EFBC}") = "ConnectorDynamo", "ConnectorDynamo\ConnectorDynamo.csproj", "{61A977EE-10DA-47F2-8BD9-3CC7BBB6904F}"
EndProject
Project("{FAE04EC0-301F-11D3-BF4B-00C04F79EFBC}") = "ConnectorDynamoExtension", "ConnectorDynamoExtension\ConnectorDynamoExtension.csproj", "{B494FD40-5E59-4D5E-87B0-80AAC8BDCD5A}"
EndProject
Project("{FAE04EC0-301F-11D3-BF4B-00C04F79EFBC}") = "ConnectorDynamoFunctions", "ConnectorDynamoFunctions\ConnectorDynamoFunctions.csproj", "{8F4D907B-A2DF-4B40-8EA6-D79F9ED6D906}"
EndProject
Project("{2150E333-8FDC-42A3-9474-1A3956D46DE8}") = "Local Dependencies", "Local Dependencies", "{A345B1E4-AD27-4066-8CD1-5650B9E6C0FF}"
EndProject
Project("{9A19103F-16F7-4668-BE54-9A1E7A4F7556}") = "ConverterDynamo", "..\..\Objects\Converters\ConverterDynamo\ConverterDynamo\ConverterDynamo.csproj", "{648F1BC8-45D7-4059-ACE2-42362CBDE0CB}"
EndProject
Project("{2150E333-8FDC-42A3-9474-1A3956D46DE8}") = "Solution Items", "Solution Items", "{952D65A5-FBCF-49C4-AA82-2754B8ABFDD8}"
	ProjectSection(SolutionItems) = preProject
		.editorconfig = .editorconfig
	EndProjectSection
EndProject
Project("{9A19103F-16F7-4668-BE54-9A1E7A4F7556}") = "ServerTransport", "..\Core\Transports\ServerTransport\ServerTransport.csproj", "{82F74946-6C04-4AE3-BFB9-F09E68CDFE12}"
EndProject
Project("{9A19103F-16F7-4668-BE54-9A1E7A4F7556}") = "Core", "..\Core\Core\Core.csproj", "{3F02E475-E777-4DFD-8AE9-8065EDD092DC}"
EndProject
Project("{9A19103F-16F7-4668-BE54-9A1E7A4F7556}") = "Objects", "..\Objects\Objects\Objects.csproj", "{1E11C8CC-F56D-4474-883C-F55E9614C417}"
EndProject
Global
	GlobalSection(SolutionConfigurationPlatforms) = preSolution
		Debug|Any CPU = Debug|Any CPU
		Release|Any CPU = Release|Any CPU
	EndGlobalSection
	GlobalSection(ProjectConfigurationPlatforms) = postSolution
		{61A977EE-10DA-47F2-8BD9-3CC7BBB6904F}.Debug|Any CPU.ActiveCfg = Debug|Any CPU
		{61A977EE-10DA-47F2-8BD9-3CC7BBB6904F}.Debug|Any CPU.Build.0 = Debug|Any CPU
		{61A977EE-10DA-47F2-8BD9-3CC7BBB6904F}.Release|Any CPU.ActiveCfg = Release|Any CPU
		{61A977EE-10DA-47F2-8BD9-3CC7BBB6904F}.Release|Any CPU.Build.0 = Release|Any CPU
		{B494FD40-5E59-4D5E-87B0-80AAC8BDCD5A}.Debug|Any CPU.ActiveCfg = Debug|Any CPU
		{B494FD40-5E59-4D5E-87B0-80AAC8BDCD5A}.Debug|Any CPU.Build.0 = Debug|Any CPU
		{B494FD40-5E59-4D5E-87B0-80AAC8BDCD5A}.Release|Any CPU.ActiveCfg = Release|Any CPU
		{B494FD40-5E59-4D5E-87B0-80AAC8BDCD5A}.Release|Any CPU.Build.0 = Release|Any CPU
		{8F4D907B-A2DF-4B40-8EA6-D79F9ED6D906}.Debug|Any CPU.ActiveCfg = Debug|Any CPU
		{8F4D907B-A2DF-4B40-8EA6-D79F9ED6D906}.Debug|Any CPU.Build.0 = Debug|Any CPU
		{8F4D907B-A2DF-4B40-8EA6-D79F9ED6D906}.Release|Any CPU.ActiveCfg = Release|Any CPU
		{8F4D907B-A2DF-4B40-8EA6-D79F9ED6D906}.Release|Any CPU.Build.0 = Release|Any CPU
		{648F1BC8-45D7-4059-ACE2-42362CBDE0CB}.Debug|Any CPU.ActiveCfg = Debug|Any CPU
		{648F1BC8-45D7-4059-ACE2-42362CBDE0CB}.Debug|Any CPU.Build.0 = Debug|Any CPU
		{648F1BC8-45D7-4059-ACE2-42362CBDE0CB}.Release|Any CPU.ActiveCfg = Release|Any CPU
		{648F1BC8-45D7-4059-ACE2-42362CBDE0CB}.Release|Any CPU.Build.0 = Release|Any CPU
		{82F74946-6C04-4AE3-BFB9-F09E68CDFE12}.Debug|Any CPU.ActiveCfg = Debug|Any CPU
		{82F74946-6C04-4AE3-BFB9-F09E68CDFE12}.Debug|Any CPU.Build.0 = Debug|Any CPU
		{82F74946-6C04-4AE3-BFB9-F09E68CDFE12}.Release|Any CPU.ActiveCfg = Release|Any CPU
		{82F74946-6C04-4AE3-BFB9-F09E68CDFE12}.Release|Any CPU.Build.0 = Release|Any CPU
		{3F02E475-E777-4DFD-8AE9-8065EDD092DC}.Debug|Any CPU.ActiveCfg = Debug|Any CPU
		{3F02E475-E777-4DFD-8AE9-8065EDD092DC}.Debug|Any CPU.Build.0 = Debug|Any CPU
		{3F02E475-E777-4DFD-8AE9-8065EDD092DC}.Release|Any CPU.ActiveCfg = Release|Any CPU
		{3F02E475-E777-4DFD-8AE9-8065EDD092DC}.Release|Any CPU.Build.0 = Release|Any CPU
		{1E11C8CC-F56D-4474-883C-F55E9614C417}.Debug|Any CPU.ActiveCfg = Debug|Any CPU
		{1E11C8CC-F56D-4474-883C-F55E9614C417}.Debug|Any CPU.Build.0 = Debug|Any CPU
		{1E11C8CC-F56D-4474-883C-F55E9614C417}.Release|Any CPU.ActiveCfg = Release|Any CPU
		{1E11C8CC-F56D-4474-883C-F55E9614C417}.Release|Any CPU.Build.0 = Release|Any CPU
	EndGlobalSection
	GlobalSection(SolutionProperties) = preSolution
		HideSolutionNode = FALSE
	EndGlobalSection
	GlobalSection(NestedProjects) = preSolution
		{648F1BC8-45D7-4059-ACE2-42362CBDE0CB} = {A345B1E4-AD27-4066-8CD1-5650B9E6C0FF}
		{82F74946-6C04-4AE3-BFB9-F09E68CDFE12} = {A345B1E4-AD27-4066-8CD1-5650B9E6C0FF}
		{3F02E475-E777-4DFD-8AE9-8065EDD092DC} = {A345B1E4-AD27-4066-8CD1-5650B9E6C0FF}
		{1E11C8CC-F56D-4474-883C-F55E9614C417} = {A345B1E4-AD27-4066-8CD1-5650B9E6C0FF}
	EndGlobalSection
	GlobalSection(ExtensibilityGlobals) = postSolution
		SolutionGuid = {1D43D91B-4F01-4A78-8250-CC6F9BD93A14}
	EndGlobalSection
EndGlobal
