
Microsoft Visual Studio Solution File, Format Version 12.00
# Visual Studio Version 16
VisualStudioVersion = 16.0.30011.22
MinimumVisualStudioVersion = 10.0.40219.1
Project("{FAE04EC0-301F-11D3-BF4B-00C04F79EFBC}") = "ConnectorDynamo", "ConnectorDynamo\ConnectorDynamo.csproj", "{61A977EE-10DA-47F2-8BD9-3CC7BBB6904F}"
EndProject
Project("{FAE04EC0-301F-11D3-BF4B-00C04F79EFBC}") = "ConnectorDynamoExtension", "ConnectorDynamoExtension\ConnectorDynamoExtension.csproj", "{B494FD40-5E59-4D5E-87B0-80AAC8BDCD5A}"
EndProject
Project("{FAE04EC0-301F-11D3-BF4B-00C04F79EFBC}") = "ConnectorDynamoFunctions", "ConnectorDynamoFunctions\ConnectorDynamoFunctions.csproj", "{8F4D907B-A2DF-4B40-8EA6-D79F9ED6D906}"
EndProject
Project("{2150E333-8FDC-42A3-9474-1A3956D46DE8}") = "Local Dependencies", "Local Dependencies", "{A345B1E4-AD27-4066-8CD1-5650B9E6C0FF}"
EndProject
Project("{2150E333-8FDC-42A3-9474-1A3956D46DE8}") = "Solution Items", "Solution Items", "{952D65A5-FBCF-49C4-AA82-2754B8ABFDD8}"
	ProjectSection(SolutionItems) = preProject
		.editorconfig = .editorconfig
	EndProjectSection
EndProject
Project("{9A19103F-16F7-4668-BE54-9A1E7A4F7556}") = "ServerTransport", "..\Core\Transports\ServerTransport\ServerTransport.csproj", "{82F74946-6C04-4AE3-BFB9-F09E68CDFE12}"
EndProject
Project("{9A19103F-16F7-4668-BE54-9A1E7A4F7556}") = "Core", "..\Core\Core\Core.csproj", "{3F02E475-E777-4DFD-8AE9-8065EDD092DC}"
EndProject
Project("{9A19103F-16F7-4668-BE54-9A1E7A4F7556}") = "Objects", "..\Objects\Objects\Objects.csproj", "{1E11C8CC-F56D-4474-883C-F55E9614C417}"
EndProject
Project("{9A19103F-16F7-4668-BE54-9A1E7A4F7556}") = "ConverterDynamo", "..\Objects\Converters\ConverterDynamo\ConverterDynamo\ConverterDynamo.csproj", "{F74DC6A9-7B8C-47CD-BA69-44529A70ABC1}"
EndProject
Project("{FAE04EC0-301F-11D3-BF4B-00C04F79EFBC}") = "DiskTransport", "..\Core\Transports\DiskTransport\DiskTransport.csproj", "{941AAC33-A406-4AE7-9930-67FFDB746D9D}"
EndProject
Project("{FAE04EC0-301F-11D3-BF4B-00C04F79EFBC}") = "MongoDBTransport", "..\Core\Transports\MongoDBTransport\MongoDBTransport.csproj", "{28A6FE92-8E90-48FC-B655-EB0321750CCF}"
EndProject
Global
	GlobalSection(SolutionConfigurationPlatforms) = preSolution
		DebugRevit|Any CPU = DebugRevit|Any CPU
		DebugSandbox|Any CPU = DebugSandbox|Any CPU
		ReleaseRevit|Any CPU = ReleaseRevit|Any CPU
		ReleaseSandbox|Any CPU = ReleaseSandbox|Any CPU
	EndGlobalSection
	GlobalSection(ProjectConfigurationPlatforms) = postSolution
		{61A977EE-10DA-47F2-8BD9-3CC7BBB6904F}.DebugRevit|Any CPU.ActiveCfg = DebugRevit|Any CPU
		{61A977EE-10DA-47F2-8BD9-3CC7BBB6904F}.DebugRevit|Any CPU.Build.0 = DebugRevit|Any CPU
		{61A977EE-10DA-47F2-8BD9-3CC7BBB6904F}.DebugSandbox|Any CPU.ActiveCfg = DebugSandbox|Any CPU
		{61A977EE-10DA-47F2-8BD9-3CC7BBB6904F}.DebugSandbox|Any CPU.Build.0 = DebugSandbox|Any CPU
		{61A977EE-10DA-47F2-8BD9-3CC7BBB6904F}.ReleaseRevit|Any CPU.ActiveCfg = ReleaseRevit|Any CPU
		{61A977EE-10DA-47F2-8BD9-3CC7BBB6904F}.ReleaseRevit|Any CPU.Build.0 = ReleaseRevit|Any CPU
		{61A977EE-10DA-47F2-8BD9-3CC7BBB6904F}.ReleaseSandbox|Any CPU.ActiveCfg = ReleaseSandbox|Any CPU
		{61A977EE-10DA-47F2-8BD9-3CC7BBB6904F}.ReleaseSandbox|Any CPU.Build.0 = ReleaseSandbox|Any CPU
		{B494FD40-5E59-4D5E-87B0-80AAC8BDCD5A}.DebugRevit|Any CPU.ActiveCfg = DebugRevit|Any CPU
		{B494FD40-5E59-4D5E-87B0-80AAC8BDCD5A}.DebugRevit|Any CPU.Build.0 = DebugRevit|Any CPU
		{B494FD40-5E59-4D5E-87B0-80AAC8BDCD5A}.DebugSandbox|Any CPU.ActiveCfg = DebugSandbox|Any CPU
		{B494FD40-5E59-4D5E-87B0-80AAC8BDCD5A}.DebugSandbox|Any CPU.Build.0 = DebugSandbox|Any CPU
		{B494FD40-5E59-4D5E-87B0-80AAC8BDCD5A}.ReleaseRevit|Any CPU.ActiveCfg = ReleaseRevit|Any CPU
		{B494FD40-5E59-4D5E-87B0-80AAC8BDCD5A}.ReleaseRevit|Any CPU.Build.0 = ReleaseRevit|Any CPU
		{B494FD40-5E59-4D5E-87B0-80AAC8BDCD5A}.ReleaseSandbox|Any CPU.ActiveCfg = ReleaseSandbox|Any CPU
		{B494FD40-5E59-4D5E-87B0-80AAC8BDCD5A}.ReleaseSandbox|Any CPU.Build.0 = ReleaseSandbox|Any CPU
		{8F4D907B-A2DF-4B40-8EA6-D79F9ED6D906}.DebugRevit|Any CPU.ActiveCfg = DebugRevit|Any CPU
		{8F4D907B-A2DF-4B40-8EA6-D79F9ED6D906}.DebugRevit|Any CPU.Build.0 = DebugRevit|Any CPU
		{8F4D907B-A2DF-4B40-8EA6-D79F9ED6D906}.DebugSandbox|Any CPU.ActiveCfg = DebugSandbox|Any CPU
		{8F4D907B-A2DF-4B40-8EA6-D79F9ED6D906}.DebugSandbox|Any CPU.Build.0 = DebugSandbox|Any CPU
		{8F4D907B-A2DF-4B40-8EA6-D79F9ED6D906}.ReleaseRevit|Any CPU.ActiveCfg = ReleaseRevit|Any CPU
		{8F4D907B-A2DF-4B40-8EA6-D79F9ED6D906}.ReleaseRevit|Any CPU.Build.0 = ReleaseRevit|Any CPU
		{8F4D907B-A2DF-4B40-8EA6-D79F9ED6D906}.ReleaseSandbox|Any CPU.ActiveCfg = ReleaseSandbox|Any CPU
		{8F4D907B-A2DF-4B40-8EA6-D79F9ED6D906}.ReleaseSandbox|Any CPU.Build.0 = ReleaseSandbox|Any CPU
		{82F74946-6C04-4AE3-BFB9-F09E68CDFE12}.DebugRevit|Any CPU.ActiveCfg = Debug|Any CPU
		{82F74946-6C04-4AE3-BFB9-F09E68CDFE12}.DebugRevit|Any CPU.Build.0 = Debug|Any CPU
		{82F74946-6C04-4AE3-BFB9-F09E68CDFE12}.DebugSandbox|Any CPU.ActiveCfg = Debug|Any CPU
		{82F74946-6C04-4AE3-BFB9-F09E68CDFE12}.DebugSandbox|Any CPU.Build.0 = Debug|Any CPU
		{82F74946-6C04-4AE3-BFB9-F09E68CDFE12}.ReleaseRevit|Any CPU.ActiveCfg = Release|Any CPU
		{82F74946-6C04-4AE3-BFB9-F09E68CDFE12}.ReleaseRevit|Any CPU.Build.0 = Release|Any CPU
		{82F74946-6C04-4AE3-BFB9-F09E68CDFE12}.ReleaseSandbox|Any CPU.ActiveCfg = Release|Any CPU
		{82F74946-6C04-4AE3-BFB9-F09E68CDFE12}.ReleaseSandbox|Any CPU.Build.0 = Release|Any CPU
		{3F02E475-E777-4DFD-8AE9-8065EDD092DC}.DebugRevit|Any CPU.ActiveCfg = Debug|Any CPU
		{3F02E475-E777-4DFD-8AE9-8065EDD092DC}.DebugRevit|Any CPU.Build.0 = Debug|Any CPU
		{3F02E475-E777-4DFD-8AE9-8065EDD092DC}.DebugSandbox|Any CPU.ActiveCfg = Debug|Any CPU
		{3F02E475-E777-4DFD-8AE9-8065EDD092DC}.DebugSandbox|Any CPU.Build.0 = Debug|Any CPU
		{3F02E475-E777-4DFD-8AE9-8065EDD092DC}.ReleaseRevit|Any CPU.ActiveCfg = Release|Any CPU
		{3F02E475-E777-4DFD-8AE9-8065EDD092DC}.ReleaseRevit|Any CPU.Build.0 = Release|Any CPU
		{3F02E475-E777-4DFD-8AE9-8065EDD092DC}.ReleaseSandbox|Any CPU.ActiveCfg = Release|Any CPU
		{3F02E475-E777-4DFD-8AE9-8065EDD092DC}.ReleaseSandbox|Any CPU.Build.0 = Release|Any CPU
		{1E11C8CC-F56D-4474-883C-F55E9614C417}.DebugRevit|Any CPU.ActiveCfg = Debug|Any CPU
		{1E11C8CC-F56D-4474-883C-F55E9614C417}.DebugRevit|Any CPU.Build.0 = Debug|Any CPU
		{1E11C8CC-F56D-4474-883C-F55E9614C417}.DebugSandbox|Any CPU.ActiveCfg = Debug|Any CPU
		{1E11C8CC-F56D-4474-883C-F55E9614C417}.DebugSandbox|Any CPU.Build.0 = Debug|Any CPU
		{1E11C8CC-F56D-4474-883C-F55E9614C417}.ReleaseRevit|Any CPU.ActiveCfg = Release|Any CPU
		{1E11C8CC-F56D-4474-883C-F55E9614C417}.ReleaseRevit|Any CPU.Build.0 = Release|Any CPU
		{1E11C8CC-F56D-4474-883C-F55E9614C417}.ReleaseSandbox|Any CPU.ActiveCfg = Release|Any CPU
		{1E11C8CC-F56D-4474-883C-F55E9614C417}.ReleaseSandbox|Any CPU.Build.0 = Release|Any CPU
		{F74DC6A9-7B8C-47CD-BA69-44529A70ABC1}.DebugRevit|Any CPU.ActiveCfg = DebugRevit|Any CPU
		{F74DC6A9-7B8C-47CD-BA69-44529A70ABC1}.DebugRevit|Any CPU.Build.0 = DebugRevit|Any CPU
		{F74DC6A9-7B8C-47CD-BA69-44529A70ABC1}.DebugSandbox|Any CPU.ActiveCfg = DebugSandbox|Any CPU
		{F74DC6A9-7B8C-47CD-BA69-44529A70ABC1}.DebugSandbox|Any CPU.Build.0 = DebugSandbox|Any CPU
		{F74DC6A9-7B8C-47CD-BA69-44529A70ABC1}.ReleaseRevit|Any CPU.ActiveCfg = ReleaseRevit|Any CPU
		{F74DC6A9-7B8C-47CD-BA69-44529A70ABC1}.ReleaseRevit|Any CPU.Build.0 = ReleaseRevit|Any CPU
		{F74DC6A9-7B8C-47CD-BA69-44529A70ABC1}.ReleaseSandbox|Any CPU.ActiveCfg = ReleaseSandbox|Any CPU
		{F74DC6A9-7B8C-47CD-BA69-44529A70ABC1}.ReleaseSandbox|Any CPU.Build.0 = ReleaseSandbox|Any CPU
		{941AAC33-A406-4AE7-9930-67FFDB746D9D}.DebugRevit|Any CPU.ActiveCfg = Debug|Any CPU
		{941AAC33-A406-4AE7-9930-67FFDB746D9D}.DebugRevit|Any CPU.Build.0 = Debug|Any CPU
		{941AAC33-A406-4AE7-9930-67FFDB746D9D}.DebugSandbox|Any CPU.ActiveCfg = Debug|Any CPU
		{941AAC33-A406-4AE7-9930-67FFDB746D9D}.DebugSandbox|Any CPU.Build.0 = Debug|Any CPU
		{941AAC33-A406-4AE7-9930-67FFDB746D9D}.ReleaseRevit|Any CPU.ActiveCfg = Debug|Any CPU
		{941AAC33-A406-4AE7-9930-67FFDB746D9D}.ReleaseRevit|Any CPU.Build.0 = Debug|Any CPU
		{941AAC33-A406-4AE7-9930-67FFDB746D9D}.ReleaseSandbox|Any CPU.ActiveCfg = Debug|Any CPU
		{941AAC33-A406-4AE7-9930-67FFDB746D9D}.ReleaseSandbox|Any CPU.Build.0 = Debug|Any CPU
		{28A6FE92-8E90-48FC-B655-EB0321750CCF}.DebugRevit|Any CPU.ActiveCfg = Debug|Any CPU
		{28A6FE92-8E90-48FC-B655-EB0321750CCF}.DebugRevit|Any CPU.Build.0 = Debug|Any CPU
		{28A6FE92-8E90-48FC-B655-EB0321750CCF}.DebugSandbox|Any CPU.ActiveCfg = Debug|Any CPU
		{28A6FE92-8E90-48FC-B655-EB0321750CCF}.DebugSandbox|Any CPU.Build.0 = Debug|Any CPU
		{28A6FE92-8E90-48FC-B655-EB0321750CCF}.ReleaseRevit|Any CPU.ActiveCfg = Debug|Any CPU
		{28A6FE92-8E90-48FC-B655-EB0321750CCF}.ReleaseRevit|Any CPU.Build.0 = Debug|Any CPU
		{28A6FE92-8E90-48FC-B655-EB0321750CCF}.ReleaseSandbox|Any CPU.ActiveCfg = Debug|Any CPU
		{28A6FE92-8E90-48FC-B655-EB0321750CCF}.ReleaseSandbox|Any CPU.Build.0 = Debug|Any CPU
	EndGlobalSection
	GlobalSection(SolutionProperties) = preSolution
		HideSolutionNode = FALSE
	EndGlobalSection
	GlobalSection(NestedProjects) = preSolution
		{82F74946-6C04-4AE3-BFB9-F09E68CDFE12} = {A345B1E4-AD27-4066-8CD1-5650B9E6C0FF}
		{3F02E475-E777-4DFD-8AE9-8065EDD092DC} = {A345B1E4-AD27-4066-8CD1-5650B9E6C0FF}
		{1E11C8CC-F56D-4474-883C-F55E9614C417} = {A345B1E4-AD27-4066-8CD1-5650B9E6C0FF}
		{F74DC6A9-7B8C-47CD-BA69-44529A70ABC1} = {A345B1E4-AD27-4066-8CD1-5650B9E6C0FF}
		{941AAC33-A406-4AE7-9930-67FFDB746D9D} = {A345B1E4-AD27-4066-8CD1-5650B9E6C0FF}
		{28A6FE92-8E90-48FC-B655-EB0321750CCF} = {A345B1E4-AD27-4066-8CD1-5650B9E6C0FF}
	EndGlobalSection
	GlobalSection(ExtensibilityGlobals) = postSolution
		SolutionGuid = {1D43D91B-4F01-4A78-8250-CC6F9BD93A14}
	EndGlobalSection
EndGlobal
