
Microsoft Visual Studio Solution File, Format Version 12.00
# Visual Studio Version 17
VisualStudioVersion = 17.2.32526.322
MinimumVisualStudioVersion = 10.0.40219.1
Project("{FAE04EC0-301F-11D3-BF4B-00C04F79EFBC}") = "ConnectorDynamo", "ConnectorDynamo\ConnectorDynamo.csproj", "{61A977EE-10DA-47F2-8BD9-3CC7BBB6904F}"
EndProject
Project("{FAE04EC0-301F-11D3-BF4B-00C04F79EFBC}") = "ConnectorDynamoExtension", "ConnectorDynamoExtension\ConnectorDynamoExtension.csproj", "{B494FD40-5E59-4D5E-87B0-80AAC8BDCD5A}"
EndProject
Project("{FAE04EC0-301F-11D3-BF4B-00C04F79EFBC}") = "ConnectorDynamoFunctions", "ConnectorDynamoFunctions\ConnectorDynamoFunctions.csproj", "{8F4D907B-A2DF-4B40-8EA6-D79F9ED6D906}"
EndProject
Project("{2150E333-8FDC-42A3-9474-1A3956D46DE8}") = "Local Dependencies", "Local Dependencies", "{A345B1E4-AD27-4066-8CD1-5650B9E6C0FF}"
EndProject
Project("{2150E333-8FDC-42A3-9474-1A3956D46DE8}") = "Solution Items", "Solution Items", "{952D65A5-FBCF-49C4-AA82-2754B8ABFDD8}"
	ProjectSection(SolutionItems) = preProject
		.editorconfig = .editorconfig
	EndProjectSection
EndProject
Project("{9A19103F-16F7-4668-BE54-9A1E7A4F7556}") = "Core", "..\Core\Core\Core.csproj", "{3F02E475-E777-4DFD-8AE9-8065EDD092DC}"
EndProject
Project("{9A19103F-16F7-4668-BE54-9A1E7A4F7556}") = "Objects", "..\Objects\Objects\Objects.csproj", "{1E11C8CC-F56D-4474-883C-F55E9614C417}"
EndProject
Project("{D954291E-2A0B-460D-934E-DC6B0785DB48}") = "ConverterDynamoShared", "..\Objects\Converters\ConverterDynamo\ConverterDynamoShared\ConverterDynamoShared.shproj", "{5BAB09DC-B0FC-4004-9FD5-6496A9634071}"
EndProject
Project("{9A19103F-16F7-4668-BE54-9A1E7A4F7556}") = "ConverterDynamoRevit", "..\Objects\Converters\ConverterDynamo\ConverterDynamoRevit\ConverterDynamoRevit.csproj", "{F9C3AEC5-95CF-4FBC-8C19-189597F24171}"
EndProject
Project("{9A19103F-16F7-4668-BE54-9A1E7A4F7556}") = "ConverterDynamoSandbox", "..\Objects\Converters\ConverterDynamo\ConverterDynamoSandbox\ConverterDynamoSandbox.csproj", "{4FB7CA53-B611-4BA3-831B-8BB8EAA0611C}"
EndProject
Project("{2150E333-8FDC-42A3-9474-1A3956D46DE8}") = "ConverterDynamo", "ConverterDynamo", "{6E326DD0-9617-4A93-B410-69AFFB446B1C}"
EndProject
Project("{D954291E-2A0B-460D-934E-DC6B0785DB48}") = "ConverterRevitShared", "..\Objects\Converters\ConverterRevit\ConverterRevitShared\ConverterRevitShared.shproj", "{2DCD648D-DCA5-4D2A-8B14-AD2CB85D24B0}"
EndProject
Project("{2150E333-8FDC-42A3-9474-1A3956D46DE8}") = "Converters", "Converters", "{9A0EDAF5-1951-4CBA-8BFB-30B7464E9381}"
EndProject
Project("{9A19103F-16F7-4668-BE54-9A1E7A4F7556}") = "DiskTransport", "..\Core\Transports\DiskTransport\DiskTransport.csproj", "{485AACF5-F27C-427C-AD55-719062E6BD0B}"
EndProject
Project("{9A19103F-16F7-4668-BE54-9A1E7A4F7556}") = "ConverterDynamoRevit2021", "..\Objects\Converters\ConverterDynamo\ConverterDynamoRevit2021\ConverterDynamoRevit2021.csproj", "{2A97FBBE-9EE1-4F52-ADF1-26CCDB739797}"
EndProject
Project("{9A19103F-16F7-4668-BE54-9A1E7A4F7556}") = "ConverterDynamoRevit2022", "..\Objects\Converters\ConverterDynamo\ConverterDynamoRevit2022\ConverterDynamoRevit2022.csproj", "{88D1CCC9-6FDE-452F-BC7C-D03560CE57D2}"
EndProject
Project("{9A19103F-16F7-4668-BE54-9A1E7A4F7556}") = "ConverterDynamoRevit2023", "..\Objects\Converters\ConverterDynamo\ConverterDynamoRevit2023\ConverterDynamoRevit2023.csproj", "{0B3D9AE3-DEF6-4CD6-BE44-9C7CF190E207}"
EndProject
Global
	GlobalSection(SolutionConfigurationPlatforms) = preSolution
		Debug|Any CPU = Debug|Any CPU
		Release|Any CPU = Release|Any CPU
	EndGlobalSection
	GlobalSection(ProjectConfigurationPlatforms) = postSolution
		{61A977EE-10DA-47F2-8BD9-3CC7BBB6904F}.Debug|Any CPU.ActiveCfg = Debug|Any CPU
		{61A977EE-10DA-47F2-8BD9-3CC7BBB6904F}.Debug|Any CPU.Build.0 = Debug|Any CPU
		{61A977EE-10DA-47F2-8BD9-3CC7BBB6904F}.Release|Any CPU.ActiveCfg = Release|Any CPU
		{61A977EE-10DA-47F2-8BD9-3CC7BBB6904F}.Release|Any CPU.Build.0 = Release|Any CPU
		{B494FD40-5E59-4D5E-87B0-80AAC8BDCD5A}.Debug|Any CPU.ActiveCfg = Debug|Any CPU
		{B494FD40-5E59-4D5E-87B0-80AAC8BDCD5A}.Debug|Any CPU.Build.0 = Debug|Any CPU
		{B494FD40-5E59-4D5E-87B0-80AAC8BDCD5A}.Release|Any CPU.ActiveCfg = Release|Any CPU
		{B494FD40-5E59-4D5E-87B0-80AAC8BDCD5A}.Release|Any CPU.Build.0 = Release|Any CPU
		{8F4D907B-A2DF-4B40-8EA6-D79F9ED6D906}.Debug|Any CPU.ActiveCfg = Debug|Any CPU
		{8F4D907B-A2DF-4B40-8EA6-D79F9ED6D906}.Debug|Any CPU.Build.0 = Debug|Any CPU
		{8F4D907B-A2DF-4B40-8EA6-D79F9ED6D906}.Release|Any CPU.ActiveCfg = Release|Any CPU
		{8F4D907B-A2DF-4B40-8EA6-D79F9ED6D906}.Release|Any CPU.Build.0 = Release|Any CPU
		{3F02E475-E777-4DFD-8AE9-8065EDD092DC}.Debug|Any CPU.ActiveCfg = Debug|Any CPU
		{3F02E475-E777-4DFD-8AE9-8065EDD092DC}.Debug|Any CPU.Build.0 = Debug|Any CPU
		{3F02E475-E777-4DFD-8AE9-8065EDD092DC}.Release|Any CPU.ActiveCfg = Release|Any CPU
		{3F02E475-E777-4DFD-8AE9-8065EDD092DC}.Release|Any CPU.Build.0 = Release|Any CPU
		{1E11C8CC-F56D-4474-883C-F55E9614C417}.Debug|Any CPU.ActiveCfg = Debug|Any CPU
		{1E11C8CC-F56D-4474-883C-F55E9614C417}.Debug|Any CPU.Build.0 = Debug|Any CPU
		{1E11C8CC-F56D-4474-883C-F55E9614C417}.Release|Any CPU.ActiveCfg = Release|Any CPU
		{1E11C8CC-F56D-4474-883C-F55E9614C417}.Release|Any CPU.Build.0 = Release|Any CPU
		{F9C3AEC5-95CF-4FBC-8C19-189597F24171}.Debug|Any CPU.ActiveCfg = Debug|Any CPU
		{F9C3AEC5-95CF-4FBC-8C19-189597F24171}.Debug|Any CPU.Build.0 = Debug|Any CPU
		{F9C3AEC5-95CF-4FBC-8C19-189597F24171}.Release|Any CPU.ActiveCfg = Release|Any CPU
		{F9C3AEC5-95CF-4FBC-8C19-189597F24171}.Release|Any CPU.Build.0 = Release|Any CPU
		{4FB7CA53-B611-4BA3-831B-8BB8EAA0611C}.Debug|Any CPU.ActiveCfg = Debug|Any CPU
		{4FB7CA53-B611-4BA3-831B-8BB8EAA0611C}.Debug|Any CPU.Build.0 = Debug|Any CPU
		{4FB7CA53-B611-4BA3-831B-8BB8EAA0611C}.Release|Any CPU.ActiveCfg = Release|Any CPU
		{4FB7CA53-B611-4BA3-831B-8BB8EAA0611C}.Release|Any CPU.Build.0 = Release|Any CPU
		{485AACF5-F27C-427C-AD55-719062E6BD0B}.Debug|Any CPU.ActiveCfg = Debug|Any CPU
		{485AACF5-F27C-427C-AD55-719062E6BD0B}.Debug|Any CPU.Build.0 = Debug|Any CPU
		{485AACF5-F27C-427C-AD55-719062E6BD0B}.Release|Any CPU.ActiveCfg = Release|Any CPU
		{485AACF5-F27C-427C-AD55-719062E6BD0B}.Release|Any CPU.Build.0 = Release|Any CPU
		{2A97FBBE-9EE1-4F52-ADF1-26CCDB739797}.Debug|Any CPU.ActiveCfg = Debug|Any CPU
		{2A97FBBE-9EE1-4F52-ADF1-26CCDB739797}.Debug|Any CPU.Build.0 = Debug|Any CPU
		{2A97FBBE-9EE1-4F52-ADF1-26CCDB739797}.Release|Any CPU.ActiveCfg = Release|Any CPU
		{2A97FBBE-9EE1-4F52-ADF1-26CCDB739797}.Release|Any CPU.Build.0 = Release|Any CPU
		{88D1CCC9-6FDE-452F-BC7C-D03560CE57D2}.Debug|Any CPU.ActiveCfg = Debug|Any CPU
		{88D1CCC9-6FDE-452F-BC7C-D03560CE57D2}.Debug|Any CPU.Build.0 = Debug|Any CPU
		{88D1CCC9-6FDE-452F-BC7C-D03560CE57D2}.Release|Any CPU.ActiveCfg = Release|Any CPU
		{88D1CCC9-6FDE-452F-BC7C-D03560CE57D2}.Release|Any CPU.Build.0 = Release|Any CPU
		{0B3D9AE3-DEF6-4CD6-BE44-9C7CF190E207}.Debug|Any CPU.ActiveCfg = Debug|Any CPU
		{0B3D9AE3-DEF6-4CD6-BE44-9C7CF190E207}.Debug|Any CPU.Build.0 = Debug|Any CPU
		{0B3D9AE3-DEF6-4CD6-BE44-9C7CF190E207}.Release|Any CPU.ActiveCfg = Release|Any CPU
		{0B3D9AE3-DEF6-4CD6-BE44-9C7CF190E207}.Release|Any CPU.Build.0 = Release|Any CPU
	EndGlobalSection
	GlobalSection(SolutionProperties) = preSolution
		HideSolutionNode = FALSE
	EndGlobalSection
	GlobalSection(NestedProjects) = preSolution
		{3F02E475-E777-4DFD-8AE9-8065EDD092DC} = {A345B1E4-AD27-4066-8CD1-5650B9E6C0FF}
		{1E11C8CC-F56D-4474-883C-F55E9614C417} = {A345B1E4-AD27-4066-8CD1-5650B9E6C0FF}
		{5BAB09DC-B0FC-4004-9FD5-6496A9634071} = {6E326DD0-9617-4A93-B410-69AFFB446B1C}
		{F9C3AEC5-95CF-4FBC-8C19-189597F24171} = {6E326DD0-9617-4A93-B410-69AFFB446B1C}
		{4FB7CA53-B611-4BA3-831B-8BB8EAA0611C} = {6E326DD0-9617-4A93-B410-69AFFB446B1C}
		{6E326DD0-9617-4A93-B410-69AFFB446B1C} = {9A0EDAF5-1951-4CBA-8BFB-30B7464E9381}
		{2DCD648D-DCA5-4D2A-8B14-AD2CB85D24B0} = {9A0EDAF5-1951-4CBA-8BFB-30B7464E9381}
		{485AACF5-F27C-427C-AD55-719062E6BD0B} = {A345B1E4-AD27-4066-8CD1-5650B9E6C0FF}
		{2A97FBBE-9EE1-4F52-ADF1-26CCDB739797} = {6E326DD0-9617-4A93-B410-69AFFB446B1C}
		{88D1CCC9-6FDE-452F-BC7C-D03560CE57D2} = {6E326DD0-9617-4A93-B410-69AFFB446B1C}
		{0B3D9AE3-DEF6-4CD6-BE44-9C7CF190E207} = {6E326DD0-9617-4A93-B410-69AFFB446B1C}
	EndGlobalSection
	GlobalSection(ExtensibilityGlobals) = postSolution
		SolutionGuid = {1D43D91B-4F01-4A78-8250-CC6F9BD93A14}
	EndGlobalSection
	GlobalSection(SharedMSBuildProjectFiles) = preSolution
		..\Objects\Converters\ConverterDynamo\ConverterDynamoShared\ConverterDynamoShared.projitems*{0b3d9ae3-def6-4cd6-be44-9c7cf190e207}*SharedItemsImports = 5
		..\Objects\Converters\ConverterRevit\ConverterRevitShared\ConverterRevitShared.projitems*{0b3d9ae3-def6-4cd6-be44-9c7cf190e207}*SharedItemsImports = 5
		..\Objects\Converters\ConverterDynamo\ConverterDynamoShared\ConverterDynamoShared.projitems*{2a97fbbe-9ee1-4f52-adf1-26ccdb739797}*SharedItemsImports = 5
		..\Objects\Converters\ConverterRevit\ConverterRevitShared\ConverterRevitShared.projitems*{2a97fbbe-9ee1-4f52-adf1-26ccdb739797}*SharedItemsImports = 5
		..\Objects\Converters\ConverterRevit\ConverterRevitShared\ConverterRevitShared.projitems*{2dcd648d-dca5-4d2a-8b14-ad2cb85d24b0}*SharedItemsImports = 13
		..\Objects\Converters\ConverterDynamo\ConverterDynamoShared\ConverterDynamoShared.projitems*{4fb7ca53-b611-4ba3-831b-8bb8eaa0611c}*SharedItemsImports = 5
		..\Objects\Converters\ConverterDynamo\ConverterDynamoShared\ConverterDynamoShared.projitems*{5bab09dc-b0fc-4004-9fd5-6496a9634071}*SharedItemsImports = 13
		..\Objects\Converters\ConverterDynamo\ConverterDynamoShared\ConverterDynamoShared.projitems*{88d1ccc9-6fde-452f-bc7c-d03560ce57d2}*SharedItemsImports = 5
		..\Objects\Converters\ConverterRevit\ConverterRevitShared\ConverterRevitShared.projitems*{88d1ccc9-6fde-452f-bc7c-d03560ce57d2}*SharedItemsImports = 5
		..\Objects\Converters\ConverterDynamo\ConverterDynamoShared\ConverterDynamoShared.projitems*{f9c3aec5-95cf-4fbc-8c19-189597f24171}*SharedItemsImports = 5
		..\Objects\Converters\ConverterRevit\ConverterRevitShared\ConverterRevitShared.projitems*{f9c3aec5-95cf-4fbc-8c19-189597f24171}*SharedItemsImports = 5
	EndGlobalSection
EndGlobal
